// !$*UTF8*$!
{
	archiveVersion = 1;
	classes = {
	};
	objectVersion = 50;
	objects = {

/* Begin PBXBuildFile section */
		6DD13D772585D84600324D8F /* AppDelegate.swift in Sources */ = {isa = PBXBuildFile; fileRef = 6DD13D762585D84600324D8F /* AppDelegate.swift */; };
		6DD13D7A2585D84600324D8F /* Main.storyboard in Resources */ = {isa = PBXBuildFile; fileRef = 6DD13D782585D84600324D8F /* Main.storyboard */; };
		6DD13D7C2585D84600324D8F /* ViewController.swift in Sources */ = {isa = PBXBuildFile; fileRef = 6DD13D7B2585D84600324D8F /* ViewController.swift */; };
		6DD13D7E2585D84700324D8F /* Assets.xcassets in Resources */ = {isa = PBXBuildFile; fileRef = 6DD13D7D2585D84700324D8F /* Assets.xcassets */; };
		6DD13D852585D84700324D8F /* BetterTweetDeck Extension.appex in Embed App Extensions */ = {isa = PBXBuildFile; fileRef = 6DD13D842585D84700324D8F /* BetterTweetDeck Extension.appex */; settings = {ATTRIBUTES = (RemoveHeadersOnCopy, ); }; };
		6DD13D8A2585D84700324D8F /* Cocoa.framework in Frameworks */ = {isa = PBXBuildFile; fileRef = 6DD13D892585D84700324D8F /* Cocoa.framework */; };
		6DD13D8D2585D84700324D8F /* SafariWebExtensionHandler.swift in Sources */ = {isa = PBXBuildFile; fileRef = 6DD13D8C2585D84700324D8F /* SafariWebExtensionHandler.swift */; };
		6DD13DA32585D84700324D8F /* options in Resources */ = {isa = PBXBuildFile; fileRef = 6DD13D9A2585D84700324D8F /* options */; };
		6DD13DA42585D84700324D8F /* css in Resources */ = {isa = PBXBuildFile; fileRef = 6DD13D9B2585D84700324D8F /* css */; };
		6DD13DA52585D84700324D8F /* js in Resources */ = {isa = PBXBuildFile; fileRef = 6DD13D9C2585D84700324D8F /* js */; };
		6DD13DA62585D84700324D8F /* icons in Resources */ = {isa = PBXBuildFile; fileRef = 6DD13D9D2585D84700324D8F /* icons */; };
		6DD13DA72585D84700324D8F /* manifest.json in Resources */ = {isa = PBXBuildFile; fileRef = 6DD13D9E2585D84700324D8F /* manifest.json */; };
		6DD13DA82585D84700324D8F /* revert-dark-theme.css in Resources */ = {isa = PBXBuildFile; fileRef = 6DD13D9F2585D84700324D8F /* revert-dark-theme.css */; };
		6DD13DA92585D84700324D8F /* _locales in Resources */ = {isa = PBXBuildFile; fileRef = 6DD13DA02585D84700324D8F /* _locales */; };
		6DD13DAA2585D84700324D8F /* emojis in Resources */ = {isa = PBXBuildFile; fileRef = 6DD13DA12585D84700324D8F /* emojis */; };
		6DD13DAB2585D84700324D8F /* fonts in Resources */ = {isa = PBXBuildFile; fileRef = 6DD13DA22585D84700324D8F /* fonts */; };
/* End PBXBuildFile section */

/* Begin PBXContainerItemProxy section */
		6DD13D862585D84700324D8F /* PBXContainerItemProxy */ = {
			isa = PBXContainerItemProxy;
			containerPortal = 6DD13D6A2585D84600324D8F /* Project object */;
			proxyType = 1;
			remoteGlobalIDString = 6DD13D832585D84700324D8F;
			remoteInfo = "BetterTweetDeck Extension";
		};
/* End PBXContainerItemProxy section */

/* Begin PBXCopyFilesBuildPhase section */
		6DD13D952585D84700324D8F /* Embed App Extensions */ = {
			isa = PBXCopyFilesBuildPhase;
			buildActionMask = 2147483647;
			dstPath = "";
			dstSubfolderSpec = 13;
			files = (
				6DD13D852585D84700324D8F /* BetterTweetDeck Extension.appex in Embed App Extensions */,
			);
			name = "Embed App Extensions";
			runOnlyForDeploymentPostprocessing = 0;
		};
/* End PBXCopyFilesBuildPhase section */

/* Begin PBXFileReference section */
		6DD13D722585D84600324D8F /* BetterTweetDeck.app */ = {isa = PBXFileReference; explicitFileType = wrapper.application; includeInIndex = 0; path = BetterTweetDeck.app; sourceTree = BUILT_PRODUCTS_DIR; };
		6DD13D752585D84600324D8F /* BetterTweetDeck.entitlements */ = {isa = PBXFileReference; lastKnownFileType = text.plist.entitlements; path = BetterTweetDeck.entitlements; sourceTree = "<group>"; };
		6DD13D762585D84600324D8F /* AppDelegate.swift */ = {isa = PBXFileReference; lastKnownFileType = sourcecode.swift; path = AppDelegate.swift; sourceTree = "<group>"; };
		6DD13D792585D84600324D8F /* Base */ = {isa = PBXFileReference; lastKnownFileType = file.storyboard; name = Base; path = Base.lproj/Main.storyboard; sourceTree = "<group>"; };
		6DD13D7B2585D84600324D8F /* ViewController.swift */ = {isa = PBXFileReference; lastKnownFileType = sourcecode.swift; path = ViewController.swift; sourceTree = "<group>"; };
		6DD13D7D2585D84700324D8F /* Assets.xcassets */ = {isa = PBXFileReference; lastKnownFileType = folder.assetcatalog; path = Assets.xcassets; sourceTree = "<group>"; };
		6DD13D7F2585D84700324D8F /* Info.plist */ = {isa = PBXFileReference; lastKnownFileType = text.plist.xml; path = Info.plist; sourceTree = "<group>"; };
		6DD13D842585D84700324D8F /* BetterTweetDeck Extension.appex */ = {isa = PBXFileReference; explicitFileType = "wrapper.app-extension"; includeInIndex = 0; path = "BetterTweetDeck Extension.appex"; sourceTree = BUILT_PRODUCTS_DIR; };
		6DD13D892585D84700324D8F /* Cocoa.framework */ = {isa = PBXFileReference; lastKnownFileType = wrapper.framework; name = Cocoa.framework; path = System/Library/Frameworks/Cocoa.framework; sourceTree = SDKROOT; };
		6DD13D8C2585D84700324D8F /* SafariWebExtensionHandler.swift */ = {isa = PBXFileReference; lastKnownFileType = sourcecode.swift; path = SafariWebExtensionHandler.swift; sourceTree = "<group>"; };
		6DD13D8E2585D84700324D8F /* Info.plist */ = {isa = PBXFileReference; lastKnownFileType = text.plist.xml; path = Info.plist; sourceTree = "<group>"; };
		6DD13D8F2585D84700324D8F /* BetterTweetDeck_Extension.entitlements */ = {isa = PBXFileReference; lastKnownFileType = text.plist.entitlements; path = BetterTweetDeck_Extension.entitlements; sourceTree = "<group>"; };
		6DD13D9A2585D84700324D8F /* options */ = {isa = PBXFileReference; lastKnownFileType = folder; name = options; path = ../../../dist/options; sourceTree = "<group>"; };
		6DD13D9B2585D84700324D8F /* css */ = {isa = PBXFileReference; lastKnownFileType = folder; name = css; path = ../../../dist/css; sourceTree = "<group>"; };
		6DD13D9C2585D84700324D8F /* js */ = {isa = PBXFileReference; lastKnownFileType = folder; name = js; path = ../../../dist/js; sourceTree = "<group>"; };
		6DD13D9D2585D84700324D8F /* icons */ = {isa = PBXFileReference; lastKnownFileType = folder; name = icons; path = ../../../dist/icons; sourceTree = "<group>"; };
		6DD13D9E2585D84700324D8F /* manifest.json */ = {isa = PBXFileReference; lastKnownFileType = text.json; name = manifest.json; path = ../../../dist/manifest.json; sourceTree = "<group>"; };
		6DD13D9F2585D84700324D8F /* revert-dark-theme.css */ = {isa = PBXFileReference; lastKnownFileType = text.css; name = "revert-dark-theme.css"; path = "../../../dist/revert-dark-theme.css"; sourceTree = "<group>"; };
		6DD13DA02585D84700324D8F /* _locales */ = {isa = PBXFileReference; lastKnownFileType = folder; name = _locales; path = ../../../dist/_locales; sourceTree = "<group>"; };
		6DD13DA12585D84700324D8F /* emojis */ = {isa = PBXFileReference; lastKnownFileType = folder; name = emojis; path = ../../../dist/emojis; sourceTree = "<group>"; };
		6DD13DA22585D84700324D8F /* fonts */ = {isa = PBXFileReference; lastKnownFileType = folder; name = fonts; path = ../../../dist/fonts; sourceTree = "<group>"; };
/* End PBXFileReference section */

/* Begin PBXFrameworksBuildPhase section */
		6DD13D6F2585D84600324D8F /* Frameworks */ = {
			isa = PBXFrameworksBuildPhase;
			buildActionMask = 2147483647;
			files = (
			);
			runOnlyForDeploymentPostprocessing = 0;
		};
		6DD13D812585D84700324D8F /* Frameworks */ = {
			isa = PBXFrameworksBuildPhase;
			buildActionMask = 2147483647;
			files = (
				6DD13D8A2585D84700324D8F /* Cocoa.framework in Frameworks */,
			);
			runOnlyForDeploymentPostprocessing = 0;
		};
/* End PBXFrameworksBuildPhase section */

/* Begin PBXGroup section */
		6DD13D692585D84600324D8F = {
			isa = PBXGroup;
			children = (
				6DD13D742585D84600324D8F /* BetterTweetDeck */,
				6DD13D8B2585D84700324D8F /* BetterTweetDeck Extension */,
				6DD13D882585D84700324D8F /* Frameworks */,
				6DD13D732585D84600324D8F /* Products */,
			);
			sourceTree = "<group>";
		};
		6DD13D732585D84600324D8F /* Products */ = {
			isa = PBXGroup;
			children = (
				6DD13D722585D84600324D8F /* BetterTweetDeck.app */,
				6DD13D842585D84700324D8F /* BetterTweetDeck Extension.appex */,
			);
			name = Products;
			sourceTree = "<group>";
		};
		6DD13D742585D84600324D8F /* BetterTweetDeck */ = {
			isa = PBXGroup;
			children = (
				6DD13D752585D84600324D8F /* BetterTweetDeck.entitlements */,
				6DD13D762585D84600324D8F /* AppDelegate.swift */,
				6DD13D782585D84600324D8F /* Main.storyboard */,
				6DD13D7B2585D84600324D8F /* ViewController.swift */,
				6DD13D7D2585D84700324D8F /* Assets.xcassets */,
				6DD13D7F2585D84700324D8F /* Info.plist */,
			);
			path = BetterTweetDeck;
			sourceTree = "<group>";
		};
		6DD13D882585D84700324D8F /* Frameworks */ = {
			isa = PBXGroup;
			children = (
				6DD13D892585D84700324D8F /* Cocoa.framework */,
			);
			name = Frameworks;
			sourceTree = "<group>";
		};
		6DD13D8B2585D84700324D8F /* BetterTweetDeck Extension */ = {
			isa = PBXGroup;
			children = (
				6DD13D992585D84700324D8F /* Resources */,
				6DD13D8C2585D84700324D8F /* SafariWebExtensionHandler.swift */,
				6DD13D8E2585D84700324D8F /* Info.plist */,
				6DD13D8F2585D84700324D8F /* BetterTweetDeck_Extension.entitlements */,
			);
			path = "BetterTweetDeck Extension";
			sourceTree = "<group>";
		};
		6DD13D992585D84700324D8F /* Resources */ = {
			isa = PBXGroup;
			children = (
				6DD13D9A2585D84700324D8F /* options */,
				6DD13D9B2585D84700324D8F /* css */,
				6DD13D9C2585D84700324D8F /* js */,
				6DD13D9D2585D84700324D8F /* icons */,
				6DD13D9E2585D84700324D8F /* manifest.json */,
				6DD13D9F2585D84700324D8F /* revert-dark-theme.css */,
				6DD13DA02585D84700324D8F /* _locales */,
				6DD13DA12585D84700324D8F /* emojis */,
				6DD13DA22585D84700324D8F /* fonts */,
			);
			name = Resources;
			path = "BetterTweetDeck Extension";
			sourceTree = SOURCE_ROOT;
		};
/* End PBXGroup section */

/* Begin PBXNativeTarget section */
		6DD13D712585D84600324D8F /* BetterTweetDeck */ = {
			isa = PBXNativeTarget;
			buildConfigurationList = 6DD13D962585D84700324D8F /* Build configuration list for PBXNativeTarget "BetterTweetDeck" */;
			buildPhases = (
				6DD13D6E2585D84600324D8F /* Sources */,
				6DD13D6F2585D84600324D8F /* Frameworks */,
				6DD13D702585D84600324D8F /* Resources */,
				6DD13D952585D84700324D8F /* Embed App Extensions */,
			);
			buildRules = (
			);
			dependencies = (
				6DD13D872585D84700324D8F /* PBXTargetDependency */,
			);
			name = BetterTweetDeck;
			productName = BetterTweetDeck;
			productReference = 6DD13D722585D84600324D8F /* BetterTweetDeck.app */;
			productType = "com.apple.product-type.application";
		};
		6DD13D832585D84700324D8F /* BetterTweetDeck Extension */ = {
			isa = PBXNativeTarget;
			buildConfigurationList = 6DD13D922585D84700324D8F /* Build configuration list for PBXNativeTarget "BetterTweetDeck Extension" */;
			buildPhases = (
				6DD13D802585D84700324D8F /* Sources */,
				6DD13D812585D84700324D8F /* Frameworks */,
				6DD13D822585D84700324D8F /* Resources */,
			);
			buildRules = (
			);
			dependencies = (
			);
			name = "BetterTweetDeck Extension";
			productName = "BetterTweetDeck Extension";
			productReference = 6DD13D842585D84700324D8F /* BetterTweetDeck Extension.appex */;
			productType = "com.apple.product-type.app-extension";
		};
/* End PBXNativeTarget section */

/* Begin PBXProject section */
		6DD13D6A2585D84600324D8F /* Project object */ = {
			isa = PBXProject;
			attributes = {
				LastSwiftUpdateCheck = 1220;
				LastUpgradeCheck = 1220;
				TargetAttributes = {
					6DD13D712585D84600324D8F = {
						CreatedOnToolsVersion = 12.2;
					};
					6DD13D832585D84700324D8F = {
						CreatedOnToolsVersion = 12.2;
					};
				};
			};
			buildConfigurationList = 6DD13D6D2585D84600324D8F /* Build configuration list for PBXProject "BetterTweetDeck" */;
			compatibilityVersion = "Xcode 9.3";
			developmentRegion = en;
			hasScannedForEncodings = 0;
			knownRegions = (
				en,
				Base,
			);
			mainGroup = 6DD13D692585D84600324D8F;
			productRefGroup = 6DD13D732585D84600324D8F /* Products */;
			projectDirPath = "";
			projectRoot = "";
			targets = (
				6DD13D712585D84600324D8F /* BetterTweetDeck */,
				6DD13D832585D84700324D8F /* BetterTweetDeck Extension */,
			);
		};
/* End PBXProject section */

/* Begin PBXResourcesBuildPhase section */
		6DD13D702585D84600324D8F /* Resources */ = {
			isa = PBXResourcesBuildPhase;
			buildActionMask = 2147483647;
			files = (
				6DD13D7E2585D84700324D8F /* Assets.xcassets in Resources */,
				6DD13D7A2585D84600324D8F /* Main.storyboard in Resources */,
			);
			runOnlyForDeploymentPostprocessing = 0;
		};
		6DD13D822585D84700324D8F /* Resources */ = {
			isa = PBXResourcesBuildPhase;
			buildActionMask = 2147483647;
			files = (
				6DD13DA42585D84700324D8F /* css in Resources */,
				6DD13DA62585D84700324D8F /* icons in Resources */,
				6DD13DA72585D84700324D8F /* manifest.json in Resources */,
				6DD13DA82585D84700324D8F /* revert-dark-theme.css in Resources */,
				6DD13DA52585D84700324D8F /* js in Resources */,
				6DD13DAA2585D84700324D8F /* emojis in Resources */,
				6DD13DAB2585D84700324D8F /* fonts in Resources */,
				6DD13DA92585D84700324D8F /* _locales in Resources */,
				6DD13DA32585D84700324D8F /* options in Resources */,
			);
			runOnlyForDeploymentPostprocessing = 0;
		};
/* End PBXResourcesBuildPhase section */

/* Begin PBXSourcesBuildPhase section */
		6DD13D6E2585D84600324D8F /* Sources */ = {
			isa = PBXSourcesBuildPhase;
			buildActionMask = 2147483647;
			files = (
				6DD13D7C2585D84600324D8F /* ViewController.swift in Sources */,
				6DD13D772585D84600324D8F /* AppDelegate.swift in Sources */,
			);
			runOnlyForDeploymentPostprocessing = 0;
		};
		6DD13D802585D84700324D8F /* Sources */ = {
			isa = PBXSourcesBuildPhase;
			buildActionMask = 2147483647;
			files = (
				6DD13D8D2585D84700324D8F /* SafariWebExtensionHandler.swift in Sources */,
			);
			runOnlyForDeploymentPostprocessing = 0;
		};
/* End PBXSourcesBuildPhase section */

/* Begin PBXTargetDependency section */
		6DD13D872585D84700324D8F /* PBXTargetDependency */ = {
			isa = PBXTargetDependency;
			target = 6DD13D832585D84700324D8F /* BetterTweetDeck Extension */;
			targetProxy = 6DD13D862585D84700324D8F /* PBXContainerItemProxy */;
		};
/* End PBXTargetDependency section */

/* Begin PBXVariantGroup section */
		6DD13D782585D84600324D8F /* Main.storyboard */ = {
			isa = PBXVariantGroup;
			children = (
				6DD13D792585D84600324D8F /* Base */,
			);
			name = Main.storyboard;
			sourceTree = "<group>";
		};
/* End PBXVariantGroup section */

/* Begin XCBuildConfiguration section */
		6DD13D902585D84700324D8F /* Debug */ = {
			isa = XCBuildConfiguration;
			buildSettings = {
				ALWAYS_SEARCH_USER_PATHS = NO;
				CLANG_ANALYZER_NONNULL = YES;
				CLANG_ANALYZER_NUMBER_OBJECT_CONVERSION = YES_AGGRESSIVE;
				CLANG_CXX_LANGUAGE_STANDARD = "gnu++14";
				CLANG_CXX_LIBRARY = "libc++";
				CLANG_ENABLE_MODULES = YES;
				CLANG_ENABLE_OBJC_ARC = YES;
				CLANG_ENABLE_OBJC_WEAK = YES;
				CLANG_WARN_BLOCK_CAPTURE_AUTORELEASING = YES;
				CLANG_WARN_BOOL_CONVERSION = YES;
				CLANG_WARN_COMMA = YES;
				CLANG_WARN_CONSTANT_CONVERSION = YES;
				CLANG_WARN_DEPRECATED_OBJC_IMPLEMENTATIONS = YES;
				CLANG_WARN_DIRECT_OBJC_ISA_USAGE = YES_ERROR;
				CLANG_WARN_DOCUMENTATION_COMMENTS = YES;
				CLANG_WARN_EMPTY_BODY = YES;
				CLANG_WARN_ENUM_CONVERSION = YES;
				CLANG_WARN_INFINITE_RECURSION = YES;
				CLANG_WARN_INT_CONVERSION = YES;
				CLANG_WARN_NON_LITERAL_NULL_CONVERSION = YES;
				CLANG_WARN_OBJC_IMPLICIT_RETAIN_SELF = YES;
				CLANG_WARN_OBJC_LITERAL_CONVERSION = YES;
				CLANG_WARN_OBJC_ROOT_CLASS = YES_ERROR;
				CLANG_WARN_QUOTED_INCLUDE_IN_FRAMEWORK_HEADER = YES;
				CLANG_WARN_RANGE_LOOP_ANALYSIS = YES;
				CLANG_WARN_STRICT_PROTOTYPES = YES;
				CLANG_WARN_SUSPICIOUS_MOVE = YES;
				CLANG_WARN_UNGUARDED_AVAILABILITY = YES_AGGRESSIVE;
				CLANG_WARN_UNREACHABLE_CODE = YES;
				CLANG_WARN__DUPLICATE_METHOD_MATCH = YES;
				COPY_PHASE_STRIP = NO;
				DEBUG_INFORMATION_FORMAT = dwarf;
				ENABLE_STRICT_OBJC_MSGSEND = YES;
				ENABLE_TESTABILITY = YES;
				GCC_C_LANGUAGE_STANDARD = gnu11;
				GCC_DYNAMIC_NO_PIC = NO;
				GCC_NO_COMMON_BLOCKS = YES;
				GCC_OPTIMIZATION_LEVEL = 0;
				GCC_PREPROCESSOR_DEFINITIONS = (
					"DEBUG=1",
					"$(inherited)",
				);
				GCC_WARN_64_TO_32_BIT_CONVERSION = YES;
				GCC_WARN_ABOUT_RETURN_TYPE = YES_ERROR;
				GCC_WARN_UNDECLARED_SELECTOR = YES;
				GCC_WARN_UNINITIALIZED_AUTOS = YES_AGGRESSIVE;
				GCC_WARN_UNUSED_FUNCTION = YES;
				GCC_WARN_UNUSED_VARIABLE = YES;
				MACOSX_DEPLOYMENT_TARGET = 11.0;
				MTL_ENABLE_DEBUG_INFO = INCLUDE_SOURCE;
				MTL_FAST_MATH = YES;
				ONLY_ACTIVE_ARCH = YES;
				SDKROOT = macosx;
				SWIFT_ACTIVE_COMPILATION_CONDITIONS = DEBUG;
				SWIFT_OPTIMIZATION_LEVEL = "-Onone";
			};
			name = Debug;
		};
		6DD13D912585D84700324D8F /* Release */ = {
			isa = XCBuildConfiguration;
			buildSettings = {
				ALWAYS_SEARCH_USER_PATHS = NO;
				CLANG_ANALYZER_NONNULL = YES;
				CLANG_ANALYZER_NUMBER_OBJECT_CONVERSION = YES_AGGRESSIVE;
				CLANG_CXX_LANGUAGE_STANDARD = "gnu++14";
				CLANG_CXX_LIBRARY = "libc++";
				CLANG_ENABLE_MODULES = YES;
				CLANG_ENABLE_OBJC_ARC = YES;
				CLANG_ENABLE_OBJC_WEAK = YES;
				CLANG_WARN_BLOCK_CAPTURE_AUTORELEASING = YES;
				CLANG_WARN_BOOL_CONVERSION = YES;
				CLANG_WARN_COMMA = YES;
				CLANG_WARN_CONSTANT_CONVERSION = YES;
				CLANG_WARN_DEPRECATED_OBJC_IMPLEMENTATIONS = YES;
				CLANG_WARN_DIRECT_OBJC_ISA_USAGE = YES_ERROR;
				CLANG_WARN_DOCUMENTATION_COMMENTS = YES;
				CLANG_WARN_EMPTY_BODY = YES;
				CLANG_WARN_ENUM_CONVERSION = YES;
				CLANG_WARN_INFINITE_RECURSION = YES;
				CLANG_WARN_INT_CONVERSION = YES;
				CLANG_WARN_NON_LITERAL_NULL_CONVERSION = YES;
				CLANG_WARN_OBJC_IMPLICIT_RETAIN_SELF = YES;
				CLANG_WARN_OBJC_LITERAL_CONVERSION = YES;
				CLANG_WARN_OBJC_ROOT_CLASS = YES_ERROR;
				CLANG_WARN_QUOTED_INCLUDE_IN_FRAMEWORK_HEADER = YES;
				CLANG_WARN_RANGE_LOOP_ANALYSIS = YES;
				CLANG_WARN_STRICT_PROTOTYPES = YES;
				CLANG_WARN_SUSPICIOUS_MOVE = YES;
				CLANG_WARN_UNGUARDED_AVAILABILITY = YES_AGGRESSIVE;
				CLANG_WARN_UNREACHABLE_CODE = YES;
				CLANG_WARN__DUPLICATE_METHOD_MATCH = YES;
				COPY_PHASE_STRIP = NO;
				DEBUG_INFORMATION_FORMAT = "dwarf-with-dsym";
				ENABLE_NS_ASSERTIONS = NO;
				ENABLE_STRICT_OBJC_MSGSEND = YES;
				GCC_C_LANGUAGE_STANDARD = gnu11;
				GCC_NO_COMMON_BLOCKS = YES;
				GCC_WARN_64_TO_32_BIT_CONVERSION = YES;
				GCC_WARN_ABOUT_RETURN_TYPE = YES_ERROR;
				GCC_WARN_UNDECLARED_SELECTOR = YES;
				GCC_WARN_UNINITIALIZED_AUTOS = YES_AGGRESSIVE;
				GCC_WARN_UNUSED_FUNCTION = YES;
				GCC_WARN_UNUSED_VARIABLE = YES;
				MACOSX_DEPLOYMENT_TARGET = 11.0;
				MTL_ENABLE_DEBUG_INFO = NO;
				MTL_FAST_MATH = YES;
				SDKROOT = macosx;
				SWIFT_COMPILATION_MODE = wholemodule;
				SWIFT_OPTIMIZATION_LEVEL = "-O";
			};
			name = Release;
		};
		6DD13D932585D84700324D8F /* Debug */ = {
			isa = XCBuildConfiguration;
			buildSettings = {
				CODE_SIGN_ENTITLEMENTS = "BetterTweetDeck Extension/BetterTweetDeck_Extension.entitlements";
				CODE_SIGN_STYLE = Automatic;
				INFOPLIST_FILE = "BetterTweetDeck Extension/Info.plist";
				LD_RUNPATH_SEARCH_PATHS = (
					"$(inherited)",
					"@executable_path/../Frameworks",
					"@executable_path/../../../../Frameworks",
				);
				MACOSX_DEPLOYMENT_TARGET = 10.14;
				PRODUCT_BUNDLE_IDENTIFIER = tw.better.BetterTweetDeck.Extension;
				PRODUCT_NAME = "$(TARGET_NAME)";
				SKIP_INSTALL = YES;
				SWIFT_VERSION = 5.0;
			};
			name = Debug;
		};
		6DD13D942585D84700324D8F /* Release */ = {
			isa = XCBuildConfiguration;
			buildSettings = {
				CODE_SIGN_ENTITLEMENTS = "BetterTweetDeck Extension/BetterTweetDeck_Extension.entitlements";
				CODE_SIGN_STYLE = Automatic;
				INFOPLIST_FILE = "BetterTweetDeck Extension/Info.plist";
				LD_RUNPATH_SEARCH_PATHS = (
					"$(inherited)",
					"@executable_path/../Frameworks",
					"@executable_path/../../../../Frameworks",
				);
				MACOSX_DEPLOYMENT_TARGET = 10.14;
				PRODUCT_BUNDLE_IDENTIFIER = tw.better.BetterTweetDeck.Extension;
				PRODUCT_NAME = "$(TARGET_NAME)";
				SKIP_INSTALL = YES;
				SWIFT_VERSION = 5.0;
			};
			name = Release;
		};
		6DD13D972585D84700324D8F /* Debug */ = {
			isa = XCBuildConfiguration;
			buildSettings = {
				ALWAYS_EMBED_SWIFT_STANDARD_LIBRARIES = YES;
				ASSETCATALOG_COMPILER_APPICON_NAME = AppIcon;
				ASSETCATALOG_COMPILER_GLOBAL_ACCENT_COLOR_NAME = AccentColor;
				CODE_SIGN_ENTITLEMENTS = BetterTweetDeck/BetterTweetDeck.entitlements;
				CODE_SIGN_STYLE = Automatic;
				COMBINE_HIDPI_IMAGES = YES;
				INFOPLIST_FILE = BetterTweetDeck/Info.plist;
				LD_RUNPATH_SEARCH_PATHS = (
					"$(inherited)",
					"@executable_path/../Frameworks",
				);
				MACOSX_DEPLOYMENT_TARGET = 10.14;
				PRODUCT_BUNDLE_IDENTIFIER = tw.better.BetterTweetDeck;
				PRODUCT_NAME = "$(TARGET_NAME)";
				SWIFT_VERSION = 5.0;
			};
			name = Debug;
		};
		6DD13D982585D84700324D8F /* Release */ = {
			isa = XCBuildConfiguration;
			buildSettings = {
				ALWAYS_EMBED_SWIFT_STANDARD_LIBRARIES = YES;
				ASSETCATALOG_COMPILER_APPICON_NAME = AppIcon;
				ASSETCATALOG_COMPILER_GLOBAL_ACCENT_COLOR_NAME = AccentColor;
				CODE_SIGN_ENTITLEMENTS = BetterTweetDeck/BetterTweetDeck.entitlements;
				CODE_SIGN_STYLE = Automatic;
				COMBINE_HIDPI_IMAGES = YES;
				INFOPLIST_FILE = BetterTweetDeck/Info.plist;
				LD_RUNPATH_SEARCH_PATHS = (
					"$(inherited)",
					"@executable_path/../Frameworks",
				);
				MACOSX_DEPLOYMENT_TARGET = 10.14;
				PRODUCT_BUNDLE_IDENTIFIER = tw.better.BetterTweetDeck;
				PRODUCT_NAME = "$(TARGET_NAME)";
				SWIFT_VERSION = 5.0;
			};
			name = Release;
		};
/* End XCBuildConfiguration section */

/* Begin XCConfigurationList section */
		6DD13D6D2585D84600324D8F /* Build configuration list for PBXProject "BetterTweetDeck" */ = {
			isa = XCConfigurationList;
			buildConfigurations = (
				6DD13D902585D84700324D8F /* Debug */,
				6DD13D912585D84700324D8F /* Release */,
			);
			defaultConfigurationIsVisible = 0;
			defaultConfigurationName = Release;
		};
		6DD13D922585D84700324D8F /* Build configuration list for PBXNativeTarget "BetterTweetDeck Extension" */ = {
			isa = XCConfigurationList;
			buildConfigurations = (
				6DD13D932585D84700324D8F /* Debug */,
				6DD13D942585D84700324D8F /* Release */,
			);
			defaultConfigurationIsVisible = 0;
			defaultConfigurationName = Release;
		};
		6DD13D962585D84700324D8F /* Build configuration list for PBXNativeTarget "BetterTweetDeck" */ = {
			isa = XCConfigurationList;
			buildConfigurations = (
				6DD13D972585D84700324D8F /* Debug */,
				6DD13D982585D84700324D8F /* Release */,
			);
			defaultConfigurationIsVisible = 0;
			defaultConfigurationName = Release;
		};
/* End XCConfigurationList section */
	};
	rootObject = 6DD13D6A2585D84600324D8F /* Project object */;
}
