// !$*UTF8*$!
{
	archiveVersion = 1;
	classes = {
	};
	objectVersion = 50;
	objects = {

/* Begin PBXBuildFile section */
		6DACFABA259DA6760054327F /* AppDelegate.swift in Sources */ = {isa = PBXBuildFile; fileRef = 6DACFAB9259DA6760054327F /* AppDelegate.swift */; };
		6DACFABD259DA6760054327F /* Main.storyboard in Resources */ = {isa = PBXBuildFile; fileRef = 6DACFABB259DA6760054327F /* Main.storyboard */; };
		6DACFABF259DA6760054327F /* ViewController.swift in Sources */ = {isa = PBXBuildFile; fileRef = 6DACFABE259DA6760054327F /* ViewController.swift */; };
		6DACFAC1259DA6760054327F /* Assets.xcassets in Resources */ = {isa = PBXBuildFile; fileRef = 6DACFAC0259DA6760054327F /* Assets.xcassets */; };
		6DACFAC8259DA6760054327F /* BetterTweetDeck Extension.appex in Embed App Extensions */ = {isa = PBXBuildFile; fileRef = 6DACFAC7259DA6760054327F /* BetterTweetDeck Extension.appex */; settings = {ATTRIBUTES = (RemoveHeadersOnCopy, ); }; };
		6DACFACD259DA6760054327F /* Cocoa.framework in Frameworks */ = {isa = PBXBuildFile; fileRef = 6DACFACC259DA6760054327F /* Cocoa.framework */; };
		6DACFAD0259DA6760054327F /* SafariWebExtensionHandler.swift in Sources */ = {isa = PBXBuildFile; fileRef = 6DACFACF259DA6760054327F /* SafariWebExtensionHandler.swift */; };
		6DACFAE6259DA6770054327F /* options in Resources */ = {isa = PBXBuildFile; fileRef = 6DACFADD259DA6770054327F /* options */; };
		6DACFAE7259DA6770054327F /* css in Resources */ = {isa = PBXBuildFile; fileRef = 6DACFADE259DA6770054327F /* css */; };
		6DACFAE8259DA6770054327F /* js in Resources */ = {isa = PBXBuildFile; fileRef = 6DACFADF259DA6770054327F /* js */; };
		6DACFAE9259DA6770054327F /* icons in Resources */ = {isa = PBXBuildFile; fileRef = 6DACFAE0259DA6770054327F /* icons */; };
		6DACFAEA259DA6770054327F /* manifest.json in Resources */ = {isa = PBXBuildFile; fileRef = 6DACFAE1259DA6770054327F /* manifest.json */; };
		6DACFAEB259DA6770054327F /* revert-dark-theme.css in Resources */ = {isa = PBXBuildFile; fileRef = 6DACFAE2259DA6770054327F /* revert-dark-theme.css */; };
		6DACFAEC259DA6770054327F /* _locales in Resources */ = {isa = PBXBuildFile; fileRef = 6DACFAE3259DA6770054327F /* _locales */; };
		6DACFAED259DA6770054327F /* emojis in Resources */ = {isa = PBXBuildFile; fileRef = 6DACFAE4259DA6770054327F /* emojis */; };
		6DACFAEE259DA6770054327F /* fonts in Resources */ = {isa = PBXBuildFile; fileRef = 6DACFAE5259DA6770054327F /* fonts */; };
/* End PBXBuildFile section */

/* Begin PBXContainerItemProxy section */
		6DACFAC9259DA6760054327F /* PBXContainerItemProxy */ = {
			isa = PBXContainerItemProxy;
			containerPortal = 6DACFAAD259DA6760054327F /* Project object */;
			proxyType = 1;
			remoteGlobalIDString = 6DACFAC6259DA6760054327F;
			remoteInfo = "BetterTweetDeck Extension";
		};
/* End PBXContainerItemProxy section */

/* Begin PBXCopyFilesBuildPhase section */
		6DACFAD8259DA6760054327F /* Embed App Extensions */ = {
			isa = PBXCopyFilesBuildPhase;
			buildActionMask = 2147483647;
			dstPath = "";
			dstSubfolderSpec = 13;
			files = (
				6DACFAC8259DA6760054327F /* BetterTweetDeck Extension.appex in Embed App Extensions */,
			);
			name = "Embed App Extensions";
			runOnlyForDeploymentPostprocessing = 0;
		};
/* End PBXCopyFilesBuildPhase section */

/* Begin PBXFileReference section */
		6DACFAB5259DA6760054327F /* BetterTweetDeck.app */ = {isa = PBXFileReference; explicitFileType = wrapper.application; includeInIndex = 0; path = BetterTweetDeck.app; sourceTree = BUILT_PRODUCTS_DIR; };
		6DACFAB8259DA6760054327F /* BetterTweetDeck.entitlements */ = {isa = PBXFileReference; lastKnownFileType = text.plist.entitlements; path = BetterTweetDeck.entitlements; sourceTree = "<group>"; };
		6DACFAB9259DA6760054327F /* AppDelegate.swift */ = {isa = PBXFileReference; lastKnownFileType = sourcecode.swift; path = AppDelegate.swift; sourceTree = "<group>"; };
		6DACFABC259DA6760054327F /* Base */ = {isa = PBXFileReference; lastKnownFileType = file.storyboard; name = Base; path = Base.lproj/Main.storyboard; sourceTree = "<group>"; };
		6DACFABE259DA6760054327F /* ViewController.swift */ = {isa = PBXFileReference; lastKnownFileType = sourcecode.swift; path = ViewController.swift; sourceTree = "<group>"; };
		6DACFAC0259DA6760054327F /* Assets.xcassets */ = {isa = PBXFileReference; lastKnownFileType = folder.assetcatalog; path = Assets.xcassets; sourceTree = "<group>"; };
		6DACFAC2259DA6760054327F /* Info.plist */ = {isa = PBXFileReference; lastKnownFileType = text.plist.xml; path = Info.plist; sourceTree = "<group>"; };
		6DACFAC7259DA6760054327F /* BetterTweetDeck Extension.appex */ = {isa = PBXFileReference; explicitFileType = "wrapper.app-extension"; includeInIndex = 0; path = "BetterTweetDeck Extension.appex"; sourceTree = BUILT_PRODUCTS_DIR; };
		6DACFACC259DA6760054327F /* Cocoa.framework */ = {isa = PBXFileReference; lastKnownFileType = wrapper.framework; name = Cocoa.framework; path = System/Library/Frameworks/Cocoa.framework; sourceTree = SDKROOT; };
		6DACFACF259DA6760054327F /* SafariWebExtensionHandler.swift */ = {isa = PBXFileReference; lastKnownFileType = sourcecode.swift; path = SafariWebExtensionHandler.swift; sourceTree = "<group>"; };
		6DACFAD1259DA6760054327F /* Info.plist */ = {isa = PBXFileReference; lastKnownFileType = text.plist.xml; path = Info.plist; sourceTree = "<group>"; };
		6DACFAD2259DA6760054327F /* BetterTweetDeck_Extension.entitlements */ = {isa = PBXFileReference; lastKnownFileType = text.plist.entitlements; path = BetterTweetDeck_Extension.entitlements; sourceTree = "<group>"; };
		6DACFADD259DA6770054327F /* options */ = {isa = PBXFileReference; lastKnownFileType = folder; name = options; path = ../../../dist/options; sourceTree = "<group>"; };
		6DACFADE259DA6770054327F /* css */ = {isa = PBXFileReference; lastKnownFileType = folder; name = css; path = ../../../dist/css; sourceTree = "<group>"; };
		6DACFADF259DA6770054327F /* js */ = {isa = PBXFileReference; lastKnownFileType = folder; name = js; path = ../../../dist/js; sourceTree = "<group>"; };
		6DACFAE0259DA6770054327F /* icons */ = {isa = PBXFileReference; lastKnownFileType = folder; name = icons; path = ../../../dist/icons; sourceTree = "<group>"; };
		6DACFAE1259DA6770054327F /* manifest.json */ = {isa = PBXFileReference; lastKnownFileType = text.json; name = manifest.json; path = ../../../dist/manifest.json; sourceTree = "<group>"; };
		6DACFAE2259DA6770054327F /* revert-dark-theme.css */ = {isa = PBXFileReference; lastKnownFileType = text.css; name = "revert-dark-theme.css"; path = "../../../dist/revert-dark-theme.css"; sourceTree = "<group>"; };
		6DACFAE3259DA6770054327F /* _locales */ = {isa = PBXFileReference; lastKnownFileType = folder; name = _locales; path = ../../../dist/_locales; sourceTree = "<group>"; };
		6DACFAE4259DA6770054327F /* emojis */ = {isa = PBXFileReference; lastKnownFileType = folder; name = emojis; path = ../../../dist/emojis; sourceTree = "<group>"; };
		6DACFAE5259DA6770054327F /* fonts */ = {isa = PBXFileReference; lastKnownFileType = folder; name = fonts; path = ../../../dist/fonts; sourceTree = "<group>"; };
/* End PBXFileReference section */

/* Begin PBXFrameworksBuildPhase section */
		6DACFAB2259DA6760054327F /* Frameworks */ = {
			isa = PBXFrameworksBuildPhase;
			buildActionMask = 2147483647;
			files = (
			);
			runOnlyForDeploymentPostprocessing = 0;
		};
		6DACFAC4259DA6760054327F /* Frameworks */ = {
			isa = PBXFrameworksBuildPhase;
			buildActionMask = 2147483647;
			files = (
				6DACFACD259DA6760054327F /* Cocoa.framework in Frameworks */,
			);
			runOnlyForDeploymentPostprocessing = 0;
		};
/* End PBXFrameworksBuildPhase section */

/* Begin PBXGroup section */
		6DACFAAC259DA6760054327F = {
			isa = PBXGroup;
			children = (
				6DACFAB7259DA6760054327F /* BetterTweetDeck */,
				6DACFACE259DA6760054327F /* BetterTweetDeck Extension */,
				6DACFACB259DA6760054327F /* Frameworks */,
				6DACFAB6259DA6760054327F /* Products */,
			);
			sourceTree = "<group>";
		};
		6DACFAB6259DA6760054327F /* Products */ = {
			isa = PBXGroup;
			children = (
				6DACFAB5259DA6760054327F /* BetterTweetDeck.app */,
				6DACFAC7259DA6760054327F /* BetterTweetDeck Extension.appex */,
			);
			name = Products;
			sourceTree = "<group>";
		};
		6DACFAB7259DA6760054327F /* BetterTweetDeck */ = {
			isa = PBXGroup;
			children = (
				6DACFAB8259DA6760054327F /* BetterTweetDeck.entitlements */,
				6DACFAB9259DA6760054327F /* AppDelegate.swift */,
				6DACFABB259DA6760054327F /* Main.storyboard */,
				6DACFABE259DA6760054327F /* ViewController.swift */,
				6DACFAC0259DA6760054327F /* Assets.xcassets */,
				6DACFAC2259DA6760054327F /* Info.plist */,
			);
			path = BetterTweetDeck;
			sourceTree = "<group>";
		};
		6DACFACB259DA6760054327F /* Frameworks */ = {
			isa = PBXGroup;
			children = (
				6DACFACC259DA6760054327F /* Cocoa.framework */,
			);
			name = Frameworks;
			sourceTree = "<group>";
		};
		6DACFACE259DA6760054327F /* BetterTweetDeck Extension */ = {
			isa = PBXGroup;
			children = (
				6DACFADC259DA6770054327F /* Resources */,
				6DACFACF259DA6760054327F /* SafariWebExtensionHandler.swift */,
				6DACFAD1259DA6760054327F /* Info.plist */,
				6DACFAD2259DA6760054327F /* BetterTweetDeck_Extension.entitlements */,
			);
			path = "BetterTweetDeck Extension";
			sourceTree = "<group>";
		};
		6DACFADC259DA6770054327F /* Resources */ = {
			isa = PBXGroup;
			children = (
				6DACFADD259DA6770054327F /* options */,
				6DACFADE259DA6770054327F /* css */,
				6DACFADF259DA6770054327F /* js */,
				6DACFAE0259DA6770054327F /* icons */,
				6DACFAE1259DA6770054327F /* manifest.json */,
				6DACFAE2259DA6770054327F /* revert-dark-theme.css */,
				6DACFAE3259DA6770054327F /* _locales */,
				6DACFAE4259DA6770054327F /* emojis */,
				6DACFAE5259DA6770054327F /* fonts */,
			);
			name = Resources;
			path = "BetterTweetDeck Extension";
			sourceTree = SOURCE_ROOT;
		};
/* End PBXGroup section */

/* Begin PBXNativeTarget section */
		6DACFAB4259DA6760054327F /* BetterTweetDeck */ = {
			isa = PBXNativeTarget;
			buildConfigurationList = 6DACFAD9259DA6760054327F /* Build configuration list for PBXNativeTarget "BetterTweetDeck" */;
			buildPhases = (
				6DACFAB1259DA6760054327F /* Sources */,
				6DACFAB2259DA6760054327F /* Frameworks */,
				6DACFAB3259DA6760054327F /* Resources */,
				6DACFAD8259DA6760054327F /* Embed App Extensions */,
			);
			buildRules = (
			);
			dependencies = (
				6DACFACA259DA6760054327F /* PBXTargetDependency */,
			);
			name = BetterTweetDeck;
			productName = BetterTweetDeck;
			productReference = 6DACFAB5259DA6760054327F /* BetterTweetDeck.app */;
			productType = "com.apple.product-type.application";
		};
		6DACFAC6259DA6760054327F /* BetterTweetDeck Extension */ = {
			isa = PBXNativeTarget;
			buildConfigurationList = 6DACFAD5259DA6760054327F /* Build configuration list for PBXNativeTarget "BetterTweetDeck Extension" */;
			buildPhases = (
				6DACFAC3259DA6760054327F /* Sources */,
				6DACFAC4259DA6760054327F /* Frameworks */,
				6DACFAC5259DA6760054327F /* Resources */,
			);
			buildRules = (
			);
			dependencies = (
			);
			name = "BetterTweetDeck Extension";
			productName = "BetterTweetDeck Extension";
			productReference = 6DACFAC7259DA6760054327F /* BetterTweetDeck Extension.appex */;
			productType = "com.apple.product-type.app-extension";
		};
/* End PBXNativeTarget section */

/* Begin PBXProject section */
		6DACFAAD259DA6760054327F /* Project object */ = {
			isa = PBXProject;
			attributes = {
				LastSwiftUpdateCheck = 1230;
				LastUpgradeCheck = 1230;
				TargetAttributes = {
					6DACFAB4259DA6760054327F = {
						CreatedOnToolsVersion = 12.3;
					};
					6DACFAC6259DA6760054327F = {
						CreatedOnToolsVersion = 12.3;
					};
				};
			};
			buildConfigurationList = 6DACFAB0259DA6760054327F /* Build configuration list for PBXProject "BetterTweetDeck" */;
			compatibilityVersion = "Xcode 9.3";
			developmentRegion = en;
			hasScannedForEncodings = 0;
			knownRegions = (
				en,
				Base,
			);
			mainGroup = 6DACFAAC259DA6760054327F;
			productRefGroup = 6DACFAB6259DA6760054327F /* Products */;
			projectDirPath = "";
			projectRoot = "";
			targets = (
				6DACFAB4259DA6760054327F /* BetterTweetDeck */,
				6DACFAC6259DA6760054327F /* BetterTweetDeck Extension */,
			);
		};
/* End PBXProject section */

/* Begin PBXResourcesBuildPhase section */
		6DACFAB3259DA6760054327F /* Resources */ = {
			isa = PBXResourcesBuildPhase;
			buildActionMask = 2147483647;
			files = (
				6DACFAC1259DA6760054327F /* Assets.xcassets in Resources */,
				6DACFABD259DA6760054327F /* Main.storyboard in Resources */,
			);
			runOnlyForDeploymentPostprocessing = 0;
		};
		6DACFAC5259DA6760054327F /* Resources */ = {
			isa = PBXResourcesBuildPhase;
			buildActionMask = 2147483647;
			files = (
				6DACFAE7259DA6770054327F /* css in Resources */,
				6DACFAE9259DA6770054327F /* icons in Resources */,
				6DACFAEA259DA6770054327F /* manifest.json in Resources */,
				6DACFAEB259DA6770054327F /* revert-dark-theme.css in Resources */,
				6DACFAE8259DA6770054327F /* js in Resources */,
				6DACFAED259DA6770054327F /* emojis in Resources */,
				6DACFAEE259DA6770054327F /* fonts in Resources */,
				6DACFAEC259DA6770054327F /* _locales in Resources */,
				6DACFAE6259DA6770054327F /* options in Resources */,
			);
			runOnlyForDeploymentPostprocessing = 0;
		};
/* End PBXResourcesBuildPhase section */

/* Begin PBXSourcesBuildPhase section */
		6DACFAB1259DA6760054327F /* Sources */ = {
			isa = PBXSourcesBuildPhase;
			buildActionMask = 2147483647;
			files = (
				6DACFABF259DA6760054327F /* ViewController.swift in Sources */,
				6DACFABA259DA6760054327F /* AppDelegate.swift in Sources */,
			);
			runOnlyForDeploymentPostprocessing = 0;
		};
		6DACFAC3259DA6760054327F /* Sources */ = {
			isa = PBXSourcesBuildPhase;
			buildActionMask = 2147483647;
			files = (
				6DACFAD0259DA6760054327F /* SafariWebExtensionHandler.swift in Sources */,
			);
			runOnlyForDeploymentPostprocessing = 0;
		};
/* End PBXSourcesBuildPhase section */

/* Begin PBXTargetDependency section */
		6DACFACA259DA6760054327F /* PBXTargetDependency */ = {
			isa = PBXTargetDependency;
			target = 6DACFAC6259DA6760054327F /* BetterTweetDeck Extension */;
			targetProxy = 6DACFAC9259DA6760054327F /* PBXContainerItemProxy */;
		};
/* End PBXTargetDependency section */

/* Begin PBXVariantGroup section */
		6DACFABB259DA6760054327F /* Main.storyboard */ = {
			isa = PBXVariantGroup;
			children = (
				6DACFABC259DA6760054327F /* Base */,
			);
			name = Main.storyboard;
			sourceTree = "<group>";
		};
/* End PBXVariantGroup section */

/* Begin XCBuildConfiguration section */
		6DACFAD3259DA6760054327F /* Debug */ = {
			isa = XCBuildConfiguration;
			buildSettings = {
				ALWAYS_SEARCH_USER_PATHS = NO;
				CLANG_ANALYZER_NONNULL = YES;
				CLANG_ANALYZER_NUMBER_OBJECT_CONVERSION = YES_AGGRESSIVE;
				CLANG_CXX_LANGUAGE_STANDARD = "gnu++14";
				CLANG_CXX_LIBRARY = "libc++";
				CLANG_ENABLE_MODULES = YES;
				CLANG_ENABLE_OBJC_ARC = YES;
				CLANG_ENABLE_OBJC_WEAK = YES;
				CLANG_WARN_BLOCK_CAPTURE_AUTORELEASING = YES;
				CLANG_WARN_BOOL_CONVERSION = YES;
				CLANG_WARN_COMMA = YES;
				CLANG_WARN_CONSTANT_CONVERSION = YES;
				CLANG_WARN_DEPRECATED_OBJC_IMPLEMENTATIONS = YES;
				CLANG_WARN_DIRECT_OBJC_ISA_USAGE = YES_ERROR;
				CLANG_WARN_DOCUMENTATION_COMMENTS = YES;
				CLANG_WARN_EMPTY_BODY = YES;
				CLANG_WARN_ENUM_CONVERSION = YES;
				CLANG_WARN_INFINITE_RECURSION = YES;
				CLANG_WARN_INT_CONVERSION = YES;
				CLANG_WARN_NON_LITERAL_NULL_CONVERSION = YES;
				CLANG_WARN_OBJC_IMPLICIT_RETAIN_SELF = YES;
				CLANG_WARN_OBJC_LITERAL_CONVERSION = YES;
				CLANG_WARN_OBJC_ROOT_CLASS = YES_ERROR;
				CLANG_WARN_QUOTED_INCLUDE_IN_FRAMEWORK_HEADER = YES;
				CLANG_WARN_RANGE_LOOP_ANALYSIS = YES;
				CLANG_WARN_STRICT_PROTOTYPES = YES;
				CLANG_WARN_SUSPICIOUS_MOVE = YES;
				CLANG_WARN_UNGUARDED_AVAILABILITY = YES_AGGRESSIVE;
				CLANG_WARN_UNREACHABLE_CODE = YES;
				CLANG_WARN__DUPLICATE_METHOD_MATCH = YES;
				COPY_PHASE_STRIP = NO;
				DEBUG_INFORMATION_FORMAT = dwarf;
				ENABLE_STRICT_OBJC_MSGSEND = YES;
				ENABLE_TESTABILITY = YES;
				GCC_C_LANGUAGE_STANDARD = gnu11;
				GCC_DYNAMIC_NO_PIC = NO;
				GCC_NO_COMMON_BLOCKS = YES;
				GCC_OPTIMIZATION_LEVEL = 0;
				GCC_PREPROCESSOR_DEFINITIONS = (
					"DEBUG=1",
					"$(inherited)",
				);
				GCC_WARN_64_TO_32_BIT_CONVERSION = YES;
				GCC_WARN_ABOUT_RETURN_TYPE = YES_ERROR;
				GCC_WARN_UNDECLARED_SELECTOR = YES;
				GCC_WARN_UNINITIALIZED_AUTOS = YES_AGGRESSIVE;
				GCC_WARN_UNUSED_FUNCTION = YES;
				GCC_WARN_UNUSED_VARIABLE = YES;
				MACOSX_DEPLOYMENT_TARGET = 11.1;
				MTL_ENABLE_DEBUG_INFO = INCLUDE_SOURCE;
				MTL_FAST_MATH = YES;
				ONLY_ACTIVE_ARCH = YES;
				SDKROOT = macosx;
				SWIFT_ACTIVE_COMPILATION_CONDITIONS = DEBUG;
				SWIFT_OPTIMIZATION_LEVEL = "-Onone";
			};
			name = Debug;
		};
		6DACFAD4259DA6760054327F /* Release */ = {
			isa = XCBuildConfiguration;
			buildSettings = {
				ALWAYS_SEARCH_USER_PATHS = NO;
				CLANG_ANALYZER_NONNULL = YES;
				CLANG_ANALYZER_NUMBER_OBJECT_CONVERSION = YES_AGGRESSIVE;
				CLANG_CXX_LANGUAGE_STANDARD = "gnu++14";
				CLANG_CXX_LIBRARY = "libc++";
				CLANG_ENABLE_MODULES = YES;
				CLANG_ENABLE_OBJC_ARC = YES;
				CLANG_ENABLE_OBJC_WEAK = YES;
				CLANG_WARN_BLOCK_CAPTURE_AUTORELEASING = YES;
				CLANG_WARN_BOOL_CONVERSION = YES;
				CLANG_WARN_COMMA = YES;
				CLANG_WARN_CONSTANT_CONVERSION = YES;
				CLANG_WARN_DEPRECATED_OBJC_IMPLEMENTATIONS = YES;
				CLANG_WARN_DIRECT_OBJC_ISA_USAGE = YES_ERROR;
				CLANG_WARN_DOCUMENTATION_COMMENTS = YES;
				CLANG_WARN_EMPTY_BODY = YES;
				CLANG_WARN_ENUM_CONVERSION = YES;
				CLANG_WARN_INFINITE_RECURSION = YES;
				CLANG_WARN_INT_CONVERSION = YES;
				CLANG_WARN_NON_LITERAL_NULL_CONVERSION = YES;
				CLANG_WARN_OBJC_IMPLICIT_RETAIN_SELF = YES;
				CLANG_WARN_OBJC_LITERAL_CONVERSION = YES;
				CLANG_WARN_OBJC_ROOT_CLASS = YES_ERROR;
				CLANG_WARN_QUOTED_INCLUDE_IN_FRAMEWORK_HEADER = YES;
				CLANG_WARN_RANGE_LOOP_ANALYSIS = YES;
				CLANG_WARN_STRICT_PROTOTYPES = YES;
				CLANG_WARN_SUSPICIOUS_MOVE = YES;
				CLANG_WARN_UNGUARDED_AVAILABILITY = YES_AGGRESSIVE;
				CLANG_WARN_UNREACHABLE_CODE = YES;
				CLANG_WARN__DUPLICATE_METHOD_MATCH = YES;
				COPY_PHASE_STRIP = NO;
				DEBUG_INFORMATION_FORMAT = "dwarf-with-dsym";
				ENABLE_NS_ASSERTIONS = NO;
				ENABLE_STRICT_OBJC_MSGSEND = YES;
				GCC_C_LANGUAGE_STANDARD = gnu11;
				GCC_NO_COMMON_BLOCKS = YES;
				GCC_WARN_64_TO_32_BIT_CONVERSION = YES;
				GCC_WARN_ABOUT_RETURN_TYPE = YES_ERROR;
				GCC_WARN_UNDECLARED_SELECTOR = YES;
				GCC_WARN_UNINITIALIZED_AUTOS = YES_AGGRESSIVE;
				GCC_WARN_UNUSED_FUNCTION = YES;
				GCC_WARN_UNUSED_VARIABLE = YES;
				MACOSX_DEPLOYMENT_TARGET = 11.1;
				MTL_ENABLE_DEBUG_INFO = NO;
				MTL_FAST_MATH = YES;
				SDKROOT = macosx;
				SWIFT_COMPILATION_MODE = wholemodule;
				SWIFT_OPTIMIZATION_LEVEL = "-O";
			};
			name = Release;
		};
		6DACFAD6259DA6760054327F /* Debug */ = {
			isa = XCBuildConfiguration;
			buildSettings = {
				CODE_SIGN_ENTITLEMENTS = "BetterTweetDeck Extension/BetterTweetDeck_Extension.entitlements";
				CODE_SIGN_STYLE = Automatic;
				INFOPLIST_FILE = "BetterTweetDeck Extension/Info.plist";
				LD_RUNPATH_SEARCH_PATHS = (
					"$(inherited)",
					"@executable_path/../Frameworks",
					"@executable_path/../../../../Frameworks",
				);
				MACOSX_DEPLOYMENT_TARGET = 10.14;
				PRODUCT_BUNDLE_IDENTIFIER = me.erambert.BetterTweetDeck.Extension;
				PRODUCT_NAME = "$(TARGET_NAME)";
				SKIP_INSTALL = YES;
				SWIFT_VERSION = 5.0;
			};
			name = Debug;
		};
		6DACFAD7259DA6760054327F /* Release */ = {
			isa = XCBuildConfiguration;
			buildSettings = {
				CODE_SIGN_ENTITLEMENTS = "BetterTweetDeck Extension/BetterTweetDeck_Extension.entitlements";
				CODE_SIGN_STYLE = Automatic;
				INFOPLIST_FILE = "BetterTweetDeck Extension/Info.plist";
				LD_RUNPATH_SEARCH_PATHS = (
					"$(inherited)",
					"@executable_path/../Frameworks",
					"@executable_path/../../../../Frameworks",
				);
				MACOSX_DEPLOYMENT_TARGET = 10.14;
				PRODUCT_BUNDLE_IDENTIFIER = me.erambert.BetterTweetDeck.Extension;
				PRODUCT_NAME = "$(TARGET_NAME)";
				SKIP_INSTALL = YES;
				SWIFT_VERSION = 5.0;
			};
			name = Release;
		};
		6DACFADA259DA6760054327F /* Debug */ = {
			isa = XCBuildConfiguration;
			buildSettings = {
				ALWAYS_EMBED_SWIFT_STANDARD_LIBRARIES = YES;
				ASSETCATALOG_COMPILER_APPICON_NAME = AppIcon;
				ASSETCATALOG_COMPILER_GLOBAL_ACCENT_COLOR_NAME = AccentColor;
				CODE_SIGN_ENTITLEMENTS = BetterTweetDeck/BetterTweetDeck.entitlements;
				CODE_SIGN_STYLE = Automatic;
				COMBINE_HIDPI_IMAGES = YES;
				INFOPLIST_FILE = BetterTweetDeck/Info.plist;
				LD_RUNPATH_SEARCH_PATHS = (
					"$(inherited)",
					"@executable_path/../Frameworks",
				);
				MACOSX_DEPLOYMENT_TARGET = 10.14;
				PRODUCT_BUNDLE_IDENTIFIER = me.erambert.BetterTweetDeck;
				PRODUCT_NAME = "$(TARGET_NAME)";
				SWIFT_VERSION = 5.0;
			};
			name = Debug;
		};
		6DACFADB259DA6760054327F /* Release */ = {
			isa = XCBuildConfiguration;
			buildSettings = {
				ALWAYS_EMBED_SWIFT_STANDARD_LIBRARIES = YES;
				ASSETCATALOG_COMPILER_APPICON_NAME = AppIcon;
				ASSETCATALOG_COMPILER_GLOBAL_ACCENT_COLOR_NAME = AccentColor;
				CODE_SIGN_ENTITLEMENTS = BetterTweetDeck/BetterTweetDeck.entitlements;
				CODE_SIGN_STYLE = Automatic;
				COMBINE_HIDPI_IMAGES = YES;
				INFOPLIST_FILE = BetterTweetDeck/Info.plist;
				LD_RUNPATH_SEARCH_PATHS = (
					"$(inherited)",
					"@executable_path/../Frameworks",
				);
				MACOSX_DEPLOYMENT_TARGET = 10.14;
				PRODUCT_BUNDLE_IDENTIFIER = me.erambert.BetterTweetDeck;
				PRODUCT_NAME = "$(TARGET_NAME)";
				SWIFT_VERSION = 5.0;
			};
			name = Release;
		};
/* End XCBuildConfiguration section */

/* Begin XCConfigurationList section */
		6DACFAB0259DA6760054327F /* Build configuration list for PBXProject "BetterTweetDeck" */ = {
			isa = XCConfigurationList;
			buildConfigurations = (
				6DACFAD3259DA6760054327F /* Debug */,
				6DACFAD4259DA6760054327F /* Release */,
			);
			defaultConfigurationIsVisible = 0;
			defaultConfigurationName = Release;
		};
		6DACFAD5259DA6760054327F /* Build configuration list for PBXNativeTarget "BetterTweetDeck Extension" */ = {
			isa = XCConfigurationList;
			buildConfigurations = (
				6DACFAD6259DA6760054327F /* Debug */,
				6DACFAD7259DA6760054327F /* Release */,
			);
			defaultConfigurationIsVisible = 0;
			defaultConfigurationName = Release;
		};
		6DACFAD9259DA6760054327F /* Build configuration list for PBXNativeTarget "BetterTweetDeck" */ = {
			isa = XCConfigurationList;
			buildConfigurations = (
				6DACFADA259DA6760054327F /* Debug */,
				6DACFADB259DA6760054327F /* Release */,
			);
			defaultConfigurationIsVisible = 0;
			defaultConfigurationName = Release;
		};
/* End XCConfigurationList section */
	};
	rootObject = 6DACFAAD259DA6760054327F /* Project object */;
}
