// !$*UTF8*$!
{
	archiveVersion = 1;
	classes = {
	};
	objectVersion = 50;
	objects = {

/* Begin PBXBuildFile section */
		6D084F28259D807A002A6BDF /* AppDelegate.swift in Sources */ = {isa = PBXBuildFile; fileRef = 6D084F27259D807A002A6BDF /* AppDelegate.swift */; };
		6D084F2B259D807A002A6BDF /* Main.storyboard in Resources */ = {isa = PBXBuildFile; fileRef = 6D084F29259D807A002A6BDF /* Main.storyboard */; };
		6D084F2D259D807A002A6BDF /* ViewController.swift in Sources */ = {isa = PBXBuildFile; fileRef = 6D084F2C259D807A002A6BDF /* ViewController.swift */; };
		6D084F2F259D807B002A6BDF /* Assets.xcassets in Resources */ = {isa = PBXBuildFile; fileRef = 6D084F2E259D807B002A6BDF /* Assets.xcassets */; };
		6D084F36259D807B002A6BDF /* BetterTweetDeck Extension.appex in Embed App Extensions */ = {isa = PBXBuildFile; fileRef = 6D084F35259D807B002A6BDF /* BetterTweetDeck Extension.appex */; settings = {ATTRIBUTES = (RemoveHeadersOnCopy, ); }; };
		6D084F3B259D807B002A6BDF /* Cocoa.framework in Frameworks */ = {isa = PBXBuildFile; fileRef = 6D084F3A259D807B002A6BDF /* Cocoa.framework */; };
		6D084F3E259D807B002A6BDF /* SafariWebExtensionHandler.swift in Sources */ = {isa = PBXBuildFile; fileRef = 6D084F3D259D807B002A6BDF /* SafariWebExtensionHandler.swift */; };
		6D084F54259D807B002A6BDF /* options in Resources */ = {isa = PBXBuildFile; fileRef = 6D084F4B259D807B002A6BDF /* options */; };
		6D084F55259D807B002A6BDF /* css in Resources */ = {isa = PBXBuildFile; fileRef = 6D084F4C259D807B002A6BDF /* css */; };
		6D084F56259D807B002A6BDF /* js in Resources */ = {isa = PBXBuildFile; fileRef = 6D084F4D259D807B002A6BDF /* js */; };
		6D084F57259D807B002A6BDF /* icons in Resources */ = {isa = PBXBuildFile; fileRef = 6D084F4E259D807B002A6BDF /* icons */; };
		6D084F58259D807B002A6BDF /* manifest.json in Resources */ = {isa = PBXBuildFile; fileRef = 6D084F4F259D807B002A6BDF /* manifest.json */; };
		6D084F59259D807B002A6BDF /* revert-dark-theme.css in Resources */ = {isa = PBXBuildFile; fileRef = 6D084F50259D807B002A6BDF /* revert-dark-theme.css */; };
		6D084F5A259D807B002A6BDF /* _locales in Resources */ = {isa = PBXBuildFile; fileRef = 6D084F51259D807B002A6BDF /* _locales */; };
		6D084F5B259D807B002A6BDF /* emojis in Resources */ = {isa = PBXBuildFile; fileRef = 6D084F52259D807B002A6BDF /* emojis */; };
		6D084F5C259D807B002A6BDF /* fonts in Resources */ = {isa = PBXBuildFile; fileRef = 6D084F53259D807B002A6BDF /* fonts */; };
/* End PBXBuildFile section */

/* Begin PBXContainerItemProxy section */
		6D084F37259D807B002A6BDF /* PBXContainerItemProxy */ = {
			isa = PBXContainerItemProxy;
			containerPortal = 6D084F1B259D807A002A6BDF /* Project object */;
			proxyType = 1;
			remoteGlobalIDString = 6D084F34259D807B002A6BDF;
			remoteInfo = "BetterTweetDeck Extension";
		};
/* End PBXContainerItemProxy section */

/* Begin PBXCopyFilesBuildPhase section */
		6D084F46259D807B002A6BDF /* Embed App Extensions */ = {
			isa = PBXCopyFilesBuildPhase;
			buildActionMask = 2147483647;
			dstPath = "";
			dstSubfolderSpec = 13;
			files = (
				6D084F36259D807B002A6BDF /* BetterTweetDeck Extension.appex in Embed App Extensions */,
			);
			name = "Embed App Extensions";
			runOnlyForDeploymentPostprocessing = 0;
		};
/* End PBXCopyFilesBuildPhase section */

/* Begin PBXFileReference section */
		6D084F23259D807A002A6BDF /* BetterTweetDeck.app */ = {isa = PBXFileReference; explicitFileType = wrapper.application; includeInIndex = 0; path = BetterTweetDeck.app; sourceTree = BUILT_PRODUCTS_DIR; };
		6D084F26259D807A002A6BDF /* BetterTweetDeck.entitlements */ = {isa = PBXFileReference; lastKnownFileType = text.plist.entitlements; path = BetterTweetDeck.entitlements; sourceTree = "<group>"; };
		6D084F27259D807A002A6BDF /* AppDelegate.swift */ = {isa = PBXFileReference; lastKnownFileType = sourcecode.swift; path = AppDelegate.swift; sourceTree = "<group>"; };
		6D084F2A259D807A002A6BDF /* Base */ = {isa = PBXFileReference; lastKnownFileType = file.storyboard; name = Base; path = Base.lproj/Main.storyboard; sourceTree = "<group>"; };
		6D084F2C259D807A002A6BDF /* ViewController.swift */ = {isa = PBXFileReference; lastKnownFileType = sourcecode.swift; path = ViewController.swift; sourceTree = "<group>"; };
		6D084F2E259D807B002A6BDF /* Assets.xcassets */ = {isa = PBXFileReference; lastKnownFileType = folder.assetcatalog; path = Assets.xcassets; sourceTree = "<group>"; };
		6D084F30259D807B002A6BDF /* Info.plist */ = {isa = PBXFileReference; lastKnownFileType = text.plist.xml; path = Info.plist; sourceTree = "<group>"; };
		6D084F35259D807B002A6BDF /* BetterTweetDeck Extension.appex */ = {isa = PBXFileReference; explicitFileType = "wrapper.app-extension"; includeInIndex = 0; path = "BetterTweetDeck Extension.appex"; sourceTree = BUILT_PRODUCTS_DIR; };
		6D084F3A259D807B002A6BDF /* Cocoa.framework */ = {isa = PBXFileReference; lastKnownFileType = wrapper.framework; name = Cocoa.framework; path = System/Library/Frameworks/Cocoa.framework; sourceTree = SDKROOT; };
		6D084F3D259D807B002A6BDF /* SafariWebExtensionHandler.swift */ = {isa = PBXFileReference; lastKnownFileType = sourcecode.swift; path = SafariWebExtensionHandler.swift; sourceTree = "<group>"; };
		6D084F3F259D807B002A6BDF /* Info.plist */ = {isa = PBXFileReference; lastKnownFileType = text.plist.xml; path = Info.plist; sourceTree = "<group>"; };
		6D084F40259D807B002A6BDF /* BetterTweetDeck_Extension.entitlements */ = {isa = PBXFileReference; lastKnownFileType = text.plist.entitlements; path = BetterTweetDeck_Extension.entitlements; sourceTree = "<group>"; };
		6D084F4B259D807B002A6BDF /* options */ = {isa = PBXFileReference; lastKnownFileType = folder; name = options; path = Resources/options; sourceTree = "<group>"; };
		6D084F4C259D807B002A6BDF /* css */ = {isa = PBXFileReference; lastKnownFileType = folder; name = css; path = Resources/css; sourceTree = "<group>"; };
		6D084F4D259D807B002A6BDF /* js */ = {isa = PBXFileReference; lastKnownFileType = folder; name = js; path = Resources/js; sourceTree = "<group>"; };
		6D084F4E259D807B002A6BDF /* icons */ = {isa = PBXFileReference; lastKnownFileType = folder; name = icons; path = Resources/icons; sourceTree = "<group>"; };
		6D084F4F259D807B002A6BDF /* manifest.json */ = {isa = PBXFileReference; lastKnownFileType = text.json; name = manifest.json; path = Resources/manifest.json; sourceTree = "<group>"; };
		6D084F50259D807B002A6BDF /* revert-dark-theme.css */ = {isa = PBXFileReference; lastKnownFileType = text.css; name = "revert-dark-theme.css"; path = "Resources/revert-dark-theme.css"; sourceTree = "<group>"; };
		6D084F51259D807B002A6BDF /* _locales */ = {isa = PBXFileReference; lastKnownFileType = folder; name = _locales; path = Resources/_locales; sourceTree = "<group>"; };
		6D084F52259D807B002A6BDF /* emojis */ = {isa = PBXFileReference; lastKnownFileType = folder; name = emojis; path = Resources/emojis; sourceTree = "<group>"; };
		6D084F53259D807B002A6BDF /* fonts */ = {isa = PBXFileReference; lastKnownFileType = folder; name = fonts; path = Resources/fonts; sourceTree = "<group>"; };
/* End PBXFileReference section */

/* Begin PBXFrameworksBuildPhase section */
		6D084F20259D807A002A6BDF /* Frameworks */ = {
			isa = PBXFrameworksBuildPhase;
			buildActionMask = 2147483647;
			files = (
			);
			runOnlyForDeploymentPostprocessing = 0;
		};
		6D084F32259D807B002A6BDF /* Frameworks */ = {
			isa = PBXFrameworksBuildPhase;
			buildActionMask = 2147483647;
			files = (
				6D084F3B259D807B002A6BDF /* Cocoa.framework in Frameworks */,
			);
			runOnlyForDeploymentPostprocessing = 0;
		};
/* End PBXFrameworksBuildPhase section */

/* Begin PBXGroup section */
		6D084F1A259D807A002A6BDF = {
			isa = PBXGroup;
			children = (
				6D084F25259D807A002A6BDF /* BetterTweetDeck */,
				6D084F3C259D807B002A6BDF /* BetterTweetDeck Extension */,
				6D084F39259D807B002A6BDF /* Frameworks */,
				6D084F24259D807A002A6BDF /* Products */,
			);
			sourceTree = "<group>";
		};
		6D084F24259D807A002A6BDF /* Products */ = {
			isa = PBXGroup;
			children = (
				6D084F23259D807A002A6BDF /* BetterTweetDeck.app */,
				6D084F35259D807B002A6BDF /* BetterTweetDeck Extension.appex */,
			);
			name = Products;
			sourceTree = "<group>";
		};
		6D084F25259D807A002A6BDF /* BetterTweetDeck */ = {
			isa = PBXGroup;
			children = (
				6D084F26259D807A002A6BDF /* BetterTweetDeck.entitlements */,
				6D084F27259D807A002A6BDF /* AppDelegate.swift */,
				6D084F29259D807A002A6BDF /* Main.storyboard */,
				6D084F2C259D807A002A6BDF /* ViewController.swift */,
				6D084F2E259D807B002A6BDF /* Assets.xcassets */,
				6D084F30259D807B002A6BDF /* Info.plist */,
			);
			path = BetterTweetDeck;
			sourceTree = "<group>";
		};
		6D084F39259D807B002A6BDF /* Frameworks */ = {
			isa = PBXGroup;
			children = (
				6D084F3A259D807B002A6BDF /* Cocoa.framework */,
			);
			name = Frameworks;
			sourceTree = "<group>";
		};
		6D084F3C259D807B002A6BDF /* BetterTweetDeck Extension */ = {
			isa = PBXGroup;
			children = (
				6D084F4A259D807B002A6BDF /* Resources */,
				6D084F3D259D807B002A6BDF /* SafariWebExtensionHandler.swift */,
				6D084F3F259D807B002A6BDF /* Info.plist */,
				6D084F40259D807B002A6BDF /* BetterTweetDeck_Extension.entitlements */,
			);
			path = "BetterTweetDeck Extension";
			sourceTree = "<group>";
		};
		6D084F4A259D807B002A6BDF /* Resources */ = {
			isa = PBXGroup;
			children = (
				6D084F4B259D807B002A6BDF /* options */,
				6D084F4C259D807B002A6BDF /* css */,
				6D084F4D259D807B002A6BDF /* js */,
				6D084F4E259D807B002A6BDF /* icons */,
				6D084F4F259D807B002A6BDF /* manifest.json */,
				6D084F50259D807B002A6BDF /* revert-dark-theme.css */,
				6D084F51259D807B002A6BDF /* _locales */,
				6D084F52259D807B002A6BDF /* emojis */,
				6D084F53259D807B002A6BDF /* fonts */,
			);
			name = Resources;
			path = "BetterTweetDeck Extension";
			sourceTree = SOURCE_ROOT;
		};
/* End PBXGroup section */

/* Begin PBXNativeTarget section */
		6D084F22259D807A002A6BDF /* BetterTweetDeck */ = {
			isa = PBXNativeTarget;
			buildConfigurationList = 6D084F47259D807B002A6BDF /* Build configuration list for PBXNativeTarget "BetterTweetDeck" */;
			buildPhases = (
				6D084F1F259D807A002A6BDF /* Sources */,
				6D084F20259D807A002A6BDF /* Frameworks */,
				6D084F21259D807A002A6BDF /* Resources */,
				6D084F46259D807B002A6BDF /* Embed App Extensions */,
			);
			buildRules = (
			);
			dependencies = (
				6D084F38259D807B002A6BDF /* PBXTargetDependency */,
			);
			name = BetterTweetDeck;
			productName = BetterTweetDeck;
			productReference = 6D084F23259D807A002A6BDF /* BetterTweetDeck.app */;
			productType = "com.apple.product-type.application";
		};
		6D084F34259D807B002A6BDF /* BetterTweetDeck Extension */ = {
			isa = PBXNativeTarget;
			buildConfigurationList = 6D084F43259D807B002A6BDF /* Build configuration list for PBXNativeTarget "BetterTweetDeck Extension" */;
			buildPhases = (
				6D084F31259D807B002A6BDF /* Sources */,
				6D084F32259D807B002A6BDF /* Frameworks */,
				6D084F33259D807B002A6BDF /* Resources */,
			);
			buildRules = (
			);
			dependencies = (
			);
			name = "BetterTweetDeck Extension";
			productName = "BetterTweetDeck Extension";
			productReference = 6D084F35259D807B002A6BDF /* BetterTweetDeck Extension.appex */;
			productType = "com.apple.product-type.app-extension";
		};
/* End PBXNativeTarget section */

/* Begin PBXProject section */
		6D084F1B259D807A002A6BDF /* Project object */ = {
			isa = PBXProject;
			attributes = {
				LastSwiftUpdateCheck = 1230;
				LastUpgradeCheck = 1230;
				TargetAttributes = {
					6D084F22259D807A002A6BDF = {
						CreatedOnToolsVersion = 12.3;
					};
					6D084F34259D807B002A6BDF = {
						CreatedOnToolsVersion = 12.3;
					};
				};
			};
			buildConfigurationList = 6D084F1E259D807A002A6BDF /* Build configuration list for PBXProject "BetterTweetDeck" */;
			compatibilityVersion = "Xcode 9.3";
			developmentRegion = en;
			hasScannedForEncodings = 0;
			knownRegions = (
				en,
				Base,
			);
			mainGroup = 6D084F1A259D807A002A6BDF;
			productRefGroup = 6D084F24259D807A002A6BDF /* Products */;
			projectDirPath = "";
			projectRoot = "";
			targets = (
				6D084F22259D807A002A6BDF /* BetterTweetDeck */,
				6D084F34259D807B002A6BDF /* BetterTweetDeck Extension */,
			);
		};
/* End PBXProject section */

/* Begin PBXResourcesBuildPhase section */
		6D084F21259D807A002A6BDF /* Resources */ = {
			isa = PBXResourcesBuildPhase;
			buildActionMask = 2147483647;
			files = (
				6D084F2F259D807B002A6BDF /* Assets.xcassets in Resources */,
				6D084F2B259D807A002A6BDF /* Main.storyboard in Resources */,
			);
			runOnlyForDeploymentPostprocessing = 0;
		};
		6D084F33259D807B002A6BDF /* Resources */ = {
			isa = PBXResourcesBuildPhase;
			buildActionMask = 2147483647;
			files = (
				6D084F55259D807B002A6BDF /* css in Resources */,
				6D084F57259D807B002A6BDF /* icons in Resources */,
				6D084F58259D807B002A6BDF /* manifest.json in Resources */,
				6D084F59259D807B002A6BDF /* revert-dark-theme.css in Resources */,
				6D084F56259D807B002A6BDF /* js in Resources */,
				6D084F5B259D807B002A6BDF /* emojis in Resources */,
				6D084F5C259D807B002A6BDF /* fonts in Resources */,
				6D084F5A259D807B002A6BDF /* _locales in Resources */,
				6D084F54259D807B002A6BDF /* options in Resources */,
			);
			runOnlyForDeploymentPostprocessing = 0;
		};
/* End PBXResourcesBuildPhase section */

/* Begin PBXSourcesBuildPhase section */
		6D084F1F259D807A002A6BDF /* Sources */ = {
			isa = PBXSourcesBuildPhase;
			buildActionMask = 2147483647;
			files = (
				6D084F2D259D807A002A6BDF /* ViewController.swift in Sources */,
				6D084F28259D807A002A6BDF /* AppDelegate.swift in Sources */,
			);
			runOnlyForDeploymentPostprocessing = 0;
		};
		6D084F31259D807B002A6BDF /* Sources */ = {
			isa = PBXSourcesBuildPhase;
			buildActionMask = 2147483647;
			files = (
				6D084F3E259D807B002A6BDF /* SafariWebExtensionHandler.swift in Sources */,
			);
			runOnlyForDeploymentPostprocessing = 0;
		};
/* End PBXSourcesBuildPhase section */

/* Begin PBXTargetDependency section */
		6D084F38259D807B002A6BDF /* PBXTargetDependency */ = {
			isa = PBXTargetDependency;
			target = 6D084F34259D807B002A6BDF /* BetterTweetDeck Extension */;
			targetProxy = 6D084F37259D807B002A6BDF /* PBXContainerItemProxy */;
		};
/* End PBXTargetDependency section */

/* Begin PBXVariantGroup section */
		6D084F29259D807A002A6BDF /* Main.storyboard */ = {
			isa = PBXVariantGroup;
			children = (
				6D084F2A259D807A002A6BDF /* Base */,
			);
			name = Main.storyboard;
			sourceTree = "<group>";
		};
/* End PBXVariantGroup section */

/* Begin XCBuildConfiguration section */
		6D084F41259D807B002A6BDF /* Debug */ = {
			isa = XCBuildConfiguration;
			buildSettings = {
				ALWAYS_SEARCH_USER_PATHS = NO;
				CLANG_ANALYZER_NONNULL = YES;
				CLANG_ANALYZER_NUMBER_OBJECT_CONVERSION = YES_AGGRESSIVE;
				CLANG_CXX_LANGUAGE_STANDARD = "gnu++14";
				CLANG_CXX_LIBRARY = "libc++";
				CLANG_ENABLE_MODULES = YES;
				CLANG_ENABLE_OBJC_ARC = YES;
				CLANG_ENABLE_OBJC_WEAK = YES;
				CLANG_WARN_BLOCK_CAPTURE_AUTORELEASING = YES;
				CLANG_WARN_BOOL_CONVERSION = YES;
				CLANG_WARN_COMMA = YES;
				CLANG_WARN_CONSTANT_CONVERSION = YES;
				CLANG_WARN_DEPRECATED_OBJC_IMPLEMENTATIONS = YES;
				CLANG_WARN_DIRECT_OBJC_ISA_USAGE = YES_ERROR;
				CLANG_WARN_DOCUMENTATION_COMMENTS = YES;
				CLANG_WARN_EMPTY_BODY = YES;
				CLANG_WARN_ENUM_CONVERSION = YES;
				CLANG_WARN_INFINITE_RECURSION = YES;
				CLANG_WARN_INT_CONVERSION = YES;
				CLANG_WARN_NON_LITERAL_NULL_CONVERSION = YES;
				CLANG_WARN_OBJC_IMPLICIT_RETAIN_SELF = YES;
				CLANG_WARN_OBJC_LITERAL_CONVERSION = YES;
				CLANG_WARN_OBJC_ROOT_CLASS = YES_ERROR;
				CLANG_WARN_QUOTED_INCLUDE_IN_FRAMEWORK_HEADER = YES;
				CLANG_WARN_RANGE_LOOP_ANALYSIS = YES;
				CLANG_WARN_STRICT_PROTOTYPES = YES;
				CLANG_WARN_SUSPICIOUS_MOVE = YES;
				CLANG_WARN_UNGUARDED_AVAILABILITY = YES_AGGRESSIVE;
				CLANG_WARN_UNREACHABLE_CODE = YES;
				CLANG_WARN__DUPLICATE_METHOD_MATCH = YES;
				COPY_PHASE_STRIP = NO;
				DEBUG_INFORMATION_FORMAT = dwarf;
				ENABLE_STRICT_OBJC_MSGSEND = YES;
				ENABLE_TESTABILITY = YES;
				GCC_C_LANGUAGE_STANDARD = gnu11;
				GCC_DYNAMIC_NO_PIC = NO;
				GCC_NO_COMMON_BLOCKS = YES;
				GCC_OPTIMIZATION_LEVEL = 0;
				GCC_PREPROCESSOR_DEFINITIONS = (
					"DEBUG=1",
					"$(inherited)",
				);
				GCC_WARN_64_TO_32_BIT_CONVERSION = YES;
				GCC_WARN_ABOUT_RETURN_TYPE = YES_ERROR;
				GCC_WARN_UNDECLARED_SELECTOR = YES;
				GCC_WARN_UNINITIALIZED_AUTOS = YES_AGGRESSIVE;
				GCC_WARN_UNUSED_FUNCTION = YES;
				GCC_WARN_UNUSED_VARIABLE = YES;
				MACOSX_DEPLOYMENT_TARGET = 11.1;
				MTL_ENABLE_DEBUG_INFO = INCLUDE_SOURCE;
				MTL_FAST_MATH = YES;
				ONLY_ACTIVE_ARCH = YES;
				SDKROOT = macosx;
				SWIFT_ACTIVE_COMPILATION_CONDITIONS = DEBUG;
				SWIFT_OPTIMIZATION_LEVEL = "-Onone";
			};
			name = Debug;
		};
		6D084F42259D807B002A6BDF /* Release */ = {
			isa = XCBuildConfiguration;
			buildSettings = {
				ALWAYS_SEARCH_USER_PATHS = NO;
				CLANG_ANALYZER_NONNULL = YES;
				CLANG_ANALYZER_NUMBER_OBJECT_CONVERSION = YES_AGGRESSIVE;
				CLANG_CXX_LANGUAGE_STANDARD = "gnu++14";
				CLANG_CXX_LIBRARY = "libc++";
				CLANG_ENABLE_MODULES = YES;
				CLANG_ENABLE_OBJC_ARC = YES;
				CLANG_ENABLE_OBJC_WEAK = YES;
				CLANG_WARN_BLOCK_CAPTURE_AUTORELEASING = YES;
				CLANG_WARN_BOOL_CONVERSION = YES;
				CLANG_WARN_COMMA = YES;
				CLANG_WARN_CONSTANT_CONVERSION = YES;
				CLANG_WARN_DEPRECATED_OBJC_IMPLEMENTATIONS = YES;
				CLANG_WARN_DIRECT_OBJC_ISA_USAGE = YES_ERROR;
				CLANG_WARN_DOCUMENTATION_COMMENTS = YES;
				CLANG_WARN_EMPTY_BODY = YES;
				CLANG_WARN_ENUM_CONVERSION = YES;
				CLANG_WARN_INFINITE_RECURSION = YES;
				CLANG_WARN_INT_CONVERSION = YES;
				CLANG_WARN_NON_LITERAL_NULL_CONVERSION = YES;
				CLANG_WARN_OBJC_IMPLICIT_RETAIN_SELF = YES;
				CLANG_WARN_OBJC_LITERAL_CONVERSION = YES;
				CLANG_WARN_OBJC_ROOT_CLASS = YES_ERROR;
				CLANG_WARN_QUOTED_INCLUDE_IN_FRAMEWORK_HEADER = YES;
				CLANG_WARN_RANGE_LOOP_ANALYSIS = YES;
				CLANG_WARN_STRICT_PROTOTYPES = YES;
				CLANG_WARN_SUSPICIOUS_MOVE = YES;
				CLANG_WARN_UNGUARDED_AVAILABILITY = YES_AGGRESSIVE;
				CLANG_WARN_UNREACHABLE_CODE = YES;
				CLANG_WARN__DUPLICATE_METHOD_MATCH = YES;
				COPY_PHASE_STRIP = NO;
				DEBUG_INFORMATION_FORMAT = "dwarf-with-dsym";
				ENABLE_NS_ASSERTIONS = NO;
				ENABLE_STRICT_OBJC_MSGSEND = YES;
				GCC_C_LANGUAGE_STANDARD = gnu11;
				GCC_NO_COMMON_BLOCKS = YES;
				GCC_WARN_64_TO_32_BIT_CONVERSION = YES;
				GCC_WARN_ABOUT_RETURN_TYPE = YES_ERROR;
				GCC_WARN_UNDECLARED_SELECTOR = YES;
				GCC_WARN_UNINITIALIZED_AUTOS = YES_AGGRESSIVE;
				GCC_WARN_UNUSED_FUNCTION = YES;
				GCC_WARN_UNUSED_VARIABLE = YES;
				MACOSX_DEPLOYMENT_TARGET = 11.1;
				MTL_ENABLE_DEBUG_INFO = NO;
				MTL_FAST_MATH = YES;
				SDKROOT = macosx;
				SWIFT_COMPILATION_MODE = wholemodule;
				SWIFT_OPTIMIZATION_LEVEL = "-O";
			};
			name = Release;
		};
		6D084F44259D807B002A6BDF /* Debug */ = {
			isa = XCBuildConfiguration;
			buildSettings = {
				CODE_SIGN_ENTITLEMENTS = "BetterTweetDeck Extension/BetterTweetDeck_Extension.entitlements";
				CODE_SIGN_STYLE = Automatic;
				INFOPLIST_FILE = "BetterTweetDeck Extension/Info.plist";
				LD_RUNPATH_SEARCH_PATHS = (
					"$(inherited)",
					"@executable_path/../Frameworks",
					"@executable_path/../../../../Frameworks",
				);
				MACOSX_DEPLOYMENT_TARGET = 10.14;
				MARKETING_VERSION = 3.10.0;
				PRODUCT_BUNDLE_IDENTIFIER = me.erambert.BetterTweetDeck.Extension;
				PRODUCT_NAME = "$(TARGET_NAME)";
				SKIP_INSTALL = YES;
				SWIFT_VERSION = 5.0;
			};
			name = Debug;
		};
		6D084F45259D807B002A6BDF /* Release */ = {
			isa = XCBuildConfiguration;
			buildSettings = {
				CODE_SIGN_ENTITLEMENTS = "BetterTweetDeck Extension/BetterTweetDeck_Extension.entitlements";
				CODE_SIGN_STYLE = Automatic;
				INFOPLIST_FILE = "BetterTweetDeck Extension/Info.plist";
				LD_RUNPATH_SEARCH_PATHS = (
					"$(inherited)",
					"@executable_path/../Frameworks",
					"@executable_path/../../../../Frameworks",
				);
				MACOSX_DEPLOYMENT_TARGET = 10.14;
				MARKETING_VERSION = 3.10.0;
				PRODUCT_BUNDLE_IDENTIFIER = me.erambert.BetterTweetDeck.Extension;
				PRODUCT_NAME = "$(TARGET_NAME)";
				SKIP_INSTALL = YES;
				SWIFT_VERSION = 5.0;
			};
			name = Release;
		};
		6D084F48259D807B002A6BDF /* Debug */ = {
			isa = XCBuildConfiguration;
			buildSettings = {
				ALWAYS_EMBED_SWIFT_STANDARD_LIBRARIES = YES;
				ASSETCATALOG_COMPILER_APPICON_NAME = AppIcon;
				ASSETCATALOG_COMPILER_GLOBAL_ACCENT_COLOR_NAME = AccentColor;
				CODE_SIGN_ENTITLEMENTS = BetterTweetDeck/BetterTweetDeck.entitlements;
				CODE_SIGN_STYLE = Automatic;
				COMBINE_HIDPI_IMAGES = YES;
				INFOPLIST_FILE = BetterTweetDeck/Info.plist;
				LD_RUNPATH_SEARCH_PATHS = (
					"$(inherited)",
					"@executable_path/../Frameworks",
				);
				MACOSX_DEPLOYMENT_TARGET = 10.14;
				MARKETING_VERSION = 3.10.0;
				PRODUCT_BUNDLE_IDENTIFIER = me.erambert.BetterTweetDeck;
				PRODUCT_NAME = "$(TARGET_NAME)";
				SWIFT_VERSION = 5.0;
			};
			name = Debug;
		};
		6D084F49259D807B002A6BDF /* Release */ = {
			isa = XCBuildConfiguration;
			buildSettings = {
				ALWAYS_EMBED_SWIFT_STANDARD_LIBRARIES = YES;
				ASSETCATALOG_COMPILER_APPICON_NAME = AppIcon;
				ASSETCATALOG_COMPILER_GLOBAL_ACCENT_COLOR_NAME = AccentColor;
				CODE_SIGN_ENTITLEMENTS = BetterTweetDeck/BetterTweetDeck.entitlements;
				CODE_SIGN_STYLE = Automatic;
				COMBINE_HIDPI_IMAGES = YES;
				INFOPLIST_FILE = BetterTweetDeck/Info.plist;
				LD_RUNPATH_SEARCH_PATHS = (
					"$(inherited)",
					"@executable_path/../Frameworks",
				);
				MACOSX_DEPLOYMENT_TARGET = 10.14;
				MARKETING_VERSION = 3.10.0;
				PRODUCT_BUNDLE_IDENTIFIER = me.erambert.BetterTweetDeck;
				PRODUCT_NAME = "$(TARGET_NAME)";
				SWIFT_VERSION = 5.0;
			};
			name = Release;
		};
/* End XCBuildConfiguration section */

/* Begin XCConfigurationList section */
		6D084F1E259D807A002A6BDF /* Build configuration list for PBXProject "BetterTweetDeck" */ = {
			isa = XCConfigurationList;
			buildConfigurations = (
				6D084F41259D807B002A6BDF /* Debug */,
				6D084F42259D807B002A6BDF /* Release */,
			);
			defaultConfigurationIsVisible = 0;
			defaultConfigurationName = Release;
		};
		6D084F43259D807B002A6BDF /* Build configuration list for PBXNativeTarget "BetterTweetDeck Extension" */ = {
			isa = XCConfigurationList;
			buildConfigurations = (
				6D084F44259D807B002A6BDF /* Debug */,
				6D084F45259D807B002A6BDF /* Release */,
			);
			defaultConfigurationIsVisible = 0;
			defaultConfigurationName = Release;
		};
		6D084F47259D807B002A6BDF /* Build configuration list for PBXNativeTarget "BetterTweetDeck" */ = {
			isa = XCConfigurationList;
			buildConfigurations = (
				6D084F48259D807B002A6BDF /* Debug */,
				6D084F49259D807B002A6BDF /* Release */,
			);
			defaultConfigurationIsVisible = 0;
			defaultConfigurationName = Release;
		};
/* End XCConfigurationList section */
	};
	rootObject = 6D084F1B259D807A002A6BDF /* Project object */;
}
