// !$*UTF8*$!
{
	archiveVersion = 1;
	classes = {
	};
	objectVersion = 50;
	objects = {

/* Begin PBXBuildFile section */
		6DEADF71259D92150053E797 /* AppDelegate.swift in Sources */ = {isa = PBXBuildFile; fileRef = 6DEADF70259D92150053E797 /* AppDelegate.swift */; };
		6DEADF74259D92150053E797 /* Main.storyboard in Resources */ = {isa = PBXBuildFile; fileRef = 6DEADF72259D92150053E797 /* Main.storyboard */; };
		6DEADF76259D92150053E797 /* ViewController.swift in Sources */ = {isa = PBXBuildFile; fileRef = 6DEADF75259D92150053E797 /* ViewController.swift */; };
		6DEADF78259D92160053E797 /* Assets.xcassets in Resources */ = {isa = PBXBuildFile; fileRef = 6DEADF77259D92160053E797 /* Assets.xcassets */; };
		6DEADF7F259D92160053E797 /* BetterTweetDeck Extension.appex in Embed App Extensions */ = {isa = PBXBuildFile; fileRef = 6DEADF7E259D92160053E797 /* BetterTweetDeck Extension.appex */; settings = {ATTRIBUTES = (RemoveHeadersOnCopy, ); }; };
		6DEADF84259D92160053E797 /* Cocoa.framework in Frameworks */ = {isa = PBXBuildFile; fileRef = 6DEADF83259D92160053E797 /* Cocoa.framework */; };
		6DEADF87259D92160053E797 /* SafariWebExtensionHandler.swift in Sources */ = {isa = PBXBuildFile; fileRef = 6DEADF86259D92160053E797 /* SafariWebExtensionHandler.swift */; };
		6DEADF9D259D92160053E797 /* options in Resources */ = {isa = PBXBuildFile; fileRef = 6DEADF94259D92160053E797 /* options */; };
		6DEADF9E259D92160053E797 /* css in Resources */ = {isa = PBXBuildFile; fileRef = 6DEADF95259D92160053E797 /* css */; };
		6DEADF9F259D92160053E797 /* js in Resources */ = {isa = PBXBuildFile; fileRef = 6DEADF96259D92160053E797 /* js */; };
		6DEADFA0259D92160053E797 /* icons in Resources */ = {isa = PBXBuildFile; fileRef = 6DEADF97259D92160053E797 /* icons */; };
		6DEADFA1259D92160053E797 /* manifest.json in Resources */ = {isa = PBXBuildFile; fileRef = 6DEADF98259D92160053E797 /* manifest.json */; };
		6DEADFA2259D92160053E797 /* revert-dark-theme.css in Resources */ = {isa = PBXBuildFile; fileRef = 6DEADF99259D92160053E797 /* revert-dark-theme.css */; };
		6DEADFA3259D92160053E797 /* _locales in Resources */ = {isa = PBXBuildFile; fileRef = 6DEADF9A259D92160053E797 /* _locales */; };
		6DEADFA4259D92160053E797 /* emojis in Resources */ = {isa = PBXBuildFile; fileRef = 6DEADF9B259D92160053E797 /* emojis */; };
		6DEADFA5259D92160053E797 /* fonts in Resources */ = {isa = PBXBuildFile; fileRef = 6DEADF9C259D92160053E797 /* fonts */; };
/* End PBXBuildFile section */

/* Begin PBXContainerItemProxy section */
		6DEADF80259D92160053E797 /* PBXContainerItemProxy */ = {
			isa = PBXContainerItemProxy;
			containerPortal = 6DEADF64259D92150053E797 /* Project object */;
			proxyType = 1;
			remoteGlobalIDString = 6DEADF7D259D92160053E797;
			remoteInfo = "BetterTweetDeck Extension";
		};
/* End PBXContainerItemProxy section */

/* Begin PBXCopyFilesBuildPhase section */
		6DEADF8F259D92160053E797 /* Embed App Extensions */ = {
			isa = PBXCopyFilesBuildPhase;
			buildActionMask = 2147483647;
			dstPath = "";
			dstSubfolderSpec = 13;
			files = (
				6DEADF7F259D92160053E797 /* BetterTweetDeck Extension.appex in Embed App Extensions */,
			);
			name = "Embed App Extensions";
			runOnlyForDeploymentPostprocessing = 0;
		};
/* End PBXCopyFilesBuildPhase section */

/* Begin PBXFileReference section */
		6DEADF6C259D92150053E797 /* BetterTweetDeck.app */ = {isa = PBXFileReference; explicitFileType = wrapper.application; includeInIndex = 0; path = BetterTweetDeck.app; sourceTree = BUILT_PRODUCTS_DIR; };
		6DEADF6F259D92150053E797 /* BetterTweetDeck.entitlements */ = {isa = PBXFileReference; lastKnownFileType = text.plist.entitlements; path = BetterTweetDeck.entitlements; sourceTree = "<group>"; };
		6DEADF70259D92150053E797 /* AppDelegate.swift */ = {isa = PBXFileReference; lastKnownFileType = sourcecode.swift; path = AppDelegate.swift; sourceTree = "<group>"; };
		6DEADF73259D92150053E797 /* Base */ = {isa = PBXFileReference; lastKnownFileType = file.storyboard; name = Base; path = Base.lproj/Main.storyboard; sourceTree = "<group>"; };
		6DEADF75259D92150053E797 /* ViewController.swift */ = {isa = PBXFileReference; lastKnownFileType = sourcecode.swift; path = ViewController.swift; sourceTree = "<group>"; };
		6DEADF77259D92160053E797 /* Assets.xcassets */ = {isa = PBXFileReference; lastKnownFileType = folder.assetcatalog; path = Assets.xcassets; sourceTree = "<group>"; };
		6DEADF79259D92160053E797 /* Info.plist */ = {isa = PBXFileReference; lastKnownFileType = text.plist.xml; path = Info.plist; sourceTree = "<group>"; };
		6DEADF7E259D92160053E797 /* BetterTweetDeck Extension.appex */ = {isa = PBXFileReference; explicitFileType = "wrapper.app-extension"; includeInIndex = 0; path = "BetterTweetDeck Extension.appex"; sourceTree = BUILT_PRODUCTS_DIR; };
		6DEADF83259D92160053E797 /* Cocoa.framework */ = {isa = PBXFileReference; lastKnownFileType = wrapper.framework; name = Cocoa.framework; path = System/Library/Frameworks/Cocoa.framework; sourceTree = SDKROOT; };
		6DEADF86259D92160053E797 /* SafariWebExtensionHandler.swift */ = {isa = PBXFileReference; lastKnownFileType = sourcecode.swift; path = SafariWebExtensionHandler.swift; sourceTree = "<group>"; };
		6DEADF88259D92160053E797 /* Info.plist */ = {isa = PBXFileReference; lastKnownFileType = text.plist.xml; path = Info.plist; sourceTree = "<group>"; };
		6DEADF89259D92160053E797 /* BetterTweetDeck_Extension.entitlements */ = {isa = PBXFileReference; lastKnownFileType = text.plist.entitlements; path = BetterTweetDeck_Extension.entitlements; sourceTree = "<group>"; };
		6DEADF94259D92160053E797 /* options */ = {isa = PBXFileReference; lastKnownFileType = folder; name = options; path = ../../../dist/options; sourceTree = "<group>"; };
		6DEADF95259D92160053E797 /* css */ = {isa = PBXFileReference; lastKnownFileType = folder; name = css; path = ../../../dist/css; sourceTree = "<group>"; };
		6DEADF96259D92160053E797 /* js */ = {isa = PBXFileReference; lastKnownFileType = folder; name = js; path = ../../../dist/js; sourceTree = "<group>"; };
		6DEADF97259D92160053E797 /* icons */ = {isa = PBXFileReference; lastKnownFileType = folder; name = icons; path = ../../../dist/icons; sourceTree = "<group>"; };
		6DEADF98259D92160053E797 /* manifest.json */ = {isa = PBXFileReference; lastKnownFileType = text.json; name = manifest.json; path = ../../../dist/manifest.json; sourceTree = "<group>"; };
		6DEADF99259D92160053E797 /* revert-dark-theme.css */ = {isa = PBXFileReference; lastKnownFileType = text.css; name = "revert-dark-theme.css"; path = "../../../dist/revert-dark-theme.css"; sourceTree = "<group>"; };
		6DEADF9A259D92160053E797 /* _locales */ = {isa = PBXFileReference; lastKnownFileType = folder; name = _locales; path = ../../../dist/_locales; sourceTree = "<group>"; };
		6DEADF9B259D92160053E797 /* emojis */ = {isa = PBXFileReference; lastKnownFileType = folder; name = emojis; path = ../../../dist/emojis; sourceTree = "<group>"; };
		6DEADF9C259D92160053E797 /* fonts */ = {isa = PBXFileReference; lastKnownFileType = folder; name = fonts; path = ../../../dist/fonts; sourceTree = "<group>"; };
/* End PBXFileReference section */

/* Begin PBXFrameworksBuildPhase section */
		6DEADF69259D92150053E797 /* Frameworks */ = {
			isa = PBXFrameworksBuildPhase;
			buildActionMask = 2147483647;
			files = (
			);
			runOnlyForDeploymentPostprocessing = 0;
		};
		6DEADF7B259D92160053E797 /* Frameworks */ = {
			isa = PBXFrameworksBuildPhase;
			buildActionMask = 2147483647;
			files = (
				6DEADF84259D92160053E797 /* Cocoa.framework in Frameworks */,
			);
			runOnlyForDeploymentPostprocessing = 0;
		};
/* End PBXFrameworksBuildPhase section */

/* Begin PBXGroup section */
		6DEADF63259D92150053E797 = {
			isa = PBXGroup;
			children = (
				6DEADF6E259D92150053E797 /* BetterTweetDeck */,
				6DEADF85259D92160053E797 /* BetterTweetDeck Extension */,
				6DEADF82259D92160053E797 /* Frameworks */,
				6DEADF6D259D92150053E797 /* Products */,
			);
			sourceTree = "<group>";
		};
		6DEADF6D259D92150053E797 /* Products */ = {
			isa = PBXGroup;
			children = (
				6DEADF6C259D92150053E797 /* BetterTweetDeck.app */,
				6DEADF7E259D92160053E797 /* BetterTweetDeck Extension.appex */,
			);
			name = Products;
			sourceTree = "<group>";
		};
		6DEADF6E259D92150053E797 /* BetterTweetDeck */ = {
			isa = PBXGroup;
			children = (
				6DEADF6F259D92150053E797 /* BetterTweetDeck.entitlements */,
				6DEADF70259D92150053E797 /* AppDelegate.swift */,
				6DEADF72259D92150053E797 /* Main.storyboard */,
				6DEADF75259D92150053E797 /* ViewController.swift */,
				6DEADF77259D92160053E797 /* Assets.xcassets */,
				6DEADF79259D92160053E797 /* Info.plist */,
			);
			path = BetterTweetDeck;
			sourceTree = "<group>";
		};
		6DEADF82259D92160053E797 /* Frameworks */ = {
			isa = PBXGroup;
			children = (
				6DEADF83259D92160053E797 /* Cocoa.framework */,
			);
			name = Frameworks;
			sourceTree = "<group>";
		};
		6DEADF85259D92160053E797 /* BetterTweetDeck Extension */ = {
			isa = PBXGroup;
			children = (
				6DEADF93259D92160053E797 /* Resources */,
				6DEADF86259D92160053E797 /* SafariWebExtensionHandler.swift */,
				6DEADF88259D92160053E797 /* Info.plist */,
				6DEADF89259D92160053E797 /* BetterTweetDeck_Extension.entitlements */,
			);
			path = "BetterTweetDeck Extension";
			sourceTree = "<group>";
		};
		6DEADF93259D92160053E797 /* Resources */ = {
			isa = PBXGroup;
			children = (
				6DEADF94259D92160053E797 /* options */,
				6DEADF95259D92160053E797 /* css */,
				6DEADF96259D92160053E797 /* js */,
				6DEADF97259D92160053E797 /* icons */,
				6DEADF98259D92160053E797 /* manifest.json */,
				6DEADF99259D92160053E797 /* revert-dark-theme.css */,
				6DEADF9A259D92160053E797 /* _locales */,
				6DEADF9B259D92160053E797 /* emojis */,
				6DEADF9C259D92160053E797 /* fonts */,
			);
			name = Resources;
			path = "BetterTweetDeck Extension";
			sourceTree = SOURCE_ROOT;
		};
/* End PBXGroup section */

/* Begin PBXNativeTarget section */
		6DEADF6B259D92150053E797 /* BetterTweetDeck */ = {
			isa = PBXNativeTarget;
			buildConfigurationList = 6DEADF90259D92160053E797 /* Build configuration list for PBXNativeTarget "BetterTweetDeck" */;
			buildPhases = (
				6DEADF68259D92150053E797 /* Sources */,
				6DEADF69259D92150053E797 /* Frameworks */,
				6DEADF6A259D92150053E797 /* Resources */,
				6DEADF8F259D92160053E797 /* Embed App Extensions */,
			);
			buildRules = (
			);
			dependencies = (
				6DEADF81259D92160053E797 /* PBXTargetDependency */,
			);
			name = BetterTweetDeck;
			productName = BetterTweetDeck;
			productReference = 6DEADF6C259D92150053E797 /* BetterTweetDeck.app */;
			productType = "com.apple.product-type.application";
		};
		6DEADF7D259D92160053E797 /* BetterTweetDeck Extension */ = {
			isa = PBXNativeTarget;
			buildConfigurationList = 6DEADF8C259D92160053E797 /* Build configuration list for PBXNativeTarget "BetterTweetDeck Extension" */;
			buildPhases = (
				6DEADF7A259D92160053E797 /* Sources */,
				6DEADF7B259D92160053E797 /* Frameworks */,
				6DEADF7C259D92160053E797 /* Resources */,
			);
			buildRules = (
			);
			dependencies = (
			);
			name = "BetterTweetDeck Extension";
			productName = "BetterTweetDeck Extension";
			productReference = 6DEADF7E259D92160053E797 /* BetterTweetDeck Extension.appex */;
			productType = "com.apple.product-type.app-extension";
		};
/* End PBXNativeTarget section */

/* Begin PBXProject section */
		6DEADF64259D92150053E797 /* Project object */ = {
			isa = PBXProject;
			attributes = {
				LastSwiftUpdateCheck = 1230;
				LastUpgradeCheck = 1230;
				TargetAttributes = {
					6DEADF6B259D92150053E797 = {
						CreatedOnToolsVersion = 12.3;
					};
					6DEADF7D259D92160053E797 = {
						CreatedOnToolsVersion = 12.3;
					};
				};
			};
			buildConfigurationList = 6DEADF67259D92150053E797 /* Build configuration list for PBXProject "BetterTweetDeck" */;
			compatibilityVersion = "Xcode 9.3";
			developmentRegion = en;
			hasScannedForEncodings = 0;
			knownRegions = (
				en,
				Base,
			);
			mainGroup = 6DEADF63259D92150053E797;
			productRefGroup = 6DEADF6D259D92150053E797 /* Products */;
			projectDirPath = "";
			projectRoot = "";
			targets = (
				6DEADF6B259D92150053E797 /* BetterTweetDeck */,
				6DEADF7D259D92160053E797 /* BetterTweetDeck Extension */,
			);
		};
/* End PBXProject section */

/* Begin PBXResourcesBuildPhase section */
		6DEADF6A259D92150053E797 /* Resources */ = {
			isa = PBXResourcesBuildPhase;
			buildActionMask = 2147483647;
			files = (
				6DEADF78259D92160053E797 /* Assets.xcassets in Resources */,
				6DEADF74259D92150053E797 /* Main.storyboard in Resources */,
			);
			runOnlyForDeploymentPostprocessing = 0;
		};
		6DEADF7C259D92160053E797 /* Resources */ = {
			isa = PBXResourcesBuildPhase;
			buildActionMask = 2147483647;
			files = (
				6DEADF9E259D92160053E797 /* css in Resources */,
				6DEADFA0259D92160053E797 /* icons in Resources */,
				6DEADFA1259D92160053E797 /* manifest.json in Resources */,
				6DEADFA2259D92160053E797 /* revert-dark-theme.css in Resources */,
				6DEADF9F259D92160053E797 /* js in Resources */,
				6DEADFA4259D92160053E797 /* emojis in Resources */,
				6DEADFA5259D92160053E797 /* fonts in Resources */,
				6DEADFA3259D92160053E797 /* _locales in Resources */,
				6DEADF9D259D92160053E797 /* options in Resources */,
			);
			runOnlyForDeploymentPostprocessing = 0;
		};
/* End PBXResourcesBuildPhase section */

/* Begin PBXSourcesBuildPhase section */
		6DEADF68259D92150053E797 /* Sources */ = {
			isa = PBXSourcesBuildPhase;
			buildActionMask = 2147483647;
			files = (
				6DEADF76259D92150053E797 /* ViewController.swift in Sources */,
				6DEADF71259D92150053E797 /* AppDelegate.swift in Sources */,
			);
			runOnlyForDeploymentPostprocessing = 0;
		};
		6DEADF7A259D92160053E797 /* Sources */ = {
			isa = PBXSourcesBuildPhase;
			buildActionMask = 2147483647;
			files = (
				6DEADF87259D92160053E797 /* SafariWebExtensionHandler.swift in Sources */,
			);
			runOnlyForDeploymentPostprocessing = 0;
		};
/* End PBXSourcesBuildPhase section */

/* Begin PBXTargetDependency section */
		6DEADF81259D92160053E797 /* PBXTargetDependency */ = {
			isa = PBXTargetDependency;
			target = 6DEADF7D259D92160053E797 /* BetterTweetDeck Extension */;
			targetProxy = 6DEADF80259D92160053E797 /* PBXContainerItemProxy */;
		};
/* End PBXTargetDependency section */

/* Begin PBXVariantGroup section */
		6DEADF72259D92150053E797 /* Main.storyboard */ = {
			isa = PBXVariantGroup;
			children = (
				6DEADF73259D92150053E797 /* Base */,
			);
			name = Main.storyboard;
			sourceTree = "<group>";
		};
/* End PBXVariantGroup section */

/* Begin XCBuildConfiguration section */
		6DEADF8A259D92160053E797 /* Debug */ = {
			isa = XCBuildConfiguration;
			buildSettings = {
				ALWAYS_SEARCH_USER_PATHS = NO;
				CLANG_ANALYZER_NONNULL = YES;
				CLANG_ANALYZER_NUMBER_OBJECT_CONVERSION = YES_AGGRESSIVE;
				CLANG_CXX_LANGUAGE_STANDARD = "gnu++14";
				CLANG_CXX_LIBRARY = "libc++";
				CLANG_ENABLE_MODULES = YES;
				CLANG_ENABLE_OBJC_ARC = YES;
				CLANG_ENABLE_OBJC_WEAK = YES;
				CLANG_WARN_BLOCK_CAPTURE_AUTORELEASING = YES;
				CLANG_WARN_BOOL_CONVERSION = YES;
				CLANG_WARN_COMMA = YES;
				CLANG_WARN_CONSTANT_CONVERSION = YES;
				CLANG_WARN_DEPRECATED_OBJC_IMPLEMENTATIONS = YES;
				CLANG_WARN_DIRECT_OBJC_ISA_USAGE = YES_ERROR;
				CLANG_WARN_DOCUMENTATION_COMMENTS = YES;
				CLANG_WARN_EMPTY_BODY = YES;
				CLANG_WARN_ENUM_CONVERSION = YES;
				CLANG_WARN_INFINITE_RECURSION = YES;
				CLANG_WARN_INT_CONVERSION = YES;
				CLANG_WARN_NON_LITERAL_NULL_CONVERSION = YES;
				CLANG_WARN_OBJC_IMPLICIT_RETAIN_SELF = YES;
				CLANG_WARN_OBJC_LITERAL_CONVERSION = YES;
				CLANG_WARN_OBJC_ROOT_CLASS = YES_ERROR;
				CLANG_WARN_QUOTED_INCLUDE_IN_FRAMEWORK_HEADER = YES;
				CLANG_WARN_RANGE_LOOP_ANALYSIS = YES;
				CLANG_WARN_STRICT_PROTOTYPES = YES;
				CLANG_WARN_SUSPICIOUS_MOVE = YES;
				CLANG_WARN_UNGUARDED_AVAILABILITY = YES_AGGRESSIVE;
				CLANG_WARN_UNREACHABLE_CODE = YES;
				CLANG_WARN__DUPLICATE_METHOD_MATCH = YES;
				COPY_PHASE_STRIP = NO;
				DEBUG_INFORMATION_FORMAT = dwarf;
				ENABLE_STRICT_OBJC_MSGSEND = YES;
				ENABLE_TESTABILITY = YES;
				GCC_C_LANGUAGE_STANDARD = gnu11;
				GCC_DYNAMIC_NO_PIC = NO;
				GCC_NO_COMMON_BLOCKS = YES;
				GCC_OPTIMIZATION_LEVEL = 0;
				GCC_PREPROCESSOR_DEFINITIONS = (
					"DEBUG=1",
					"$(inherited)",
				);
				GCC_WARN_64_TO_32_BIT_CONVERSION = YES;
				GCC_WARN_ABOUT_RETURN_TYPE = YES_ERROR;
				GCC_WARN_UNDECLARED_SELECTOR = YES;
				GCC_WARN_UNINITIALIZED_AUTOS = YES_AGGRESSIVE;
				GCC_WARN_UNUSED_FUNCTION = YES;
				GCC_WARN_UNUSED_VARIABLE = YES;
				MACOSX_DEPLOYMENT_TARGET = 11.1;
				MTL_ENABLE_DEBUG_INFO = INCLUDE_SOURCE;
				MTL_FAST_MATH = YES;
				ONLY_ACTIVE_ARCH = YES;
				SDKROOT = macosx;
				SWIFT_ACTIVE_COMPILATION_CONDITIONS = DEBUG;
				SWIFT_OPTIMIZATION_LEVEL = "-Onone";
			};
			name = Debug;
		};
		6DEADF8B259D92160053E797 /* Release */ = {
			isa = XCBuildConfiguration;
			buildSettings = {
				ALWAYS_SEARCH_USER_PATHS = NO;
				CLANG_ANALYZER_NONNULL = YES;
				CLANG_ANALYZER_NUMBER_OBJECT_CONVERSION = YES_AGGRESSIVE;
				CLANG_CXX_LANGUAGE_STANDARD = "gnu++14";
				CLANG_CXX_LIBRARY = "libc++";
				CLANG_ENABLE_MODULES = YES;
				CLANG_ENABLE_OBJC_ARC = YES;
				CLANG_ENABLE_OBJC_WEAK = YES;
				CLANG_WARN_BLOCK_CAPTURE_AUTORELEASING = YES;
				CLANG_WARN_BOOL_CONVERSION = YES;
				CLANG_WARN_COMMA = YES;
				CLANG_WARN_CONSTANT_CONVERSION = YES;
				CLANG_WARN_DEPRECATED_OBJC_IMPLEMENTATIONS = YES;
				CLANG_WARN_DIRECT_OBJC_ISA_USAGE = YES_ERROR;
				CLANG_WARN_DOCUMENTATION_COMMENTS = YES;
				CLANG_WARN_EMPTY_BODY = YES;
				CLANG_WARN_ENUM_CONVERSION = YES;
				CLANG_WARN_INFINITE_RECURSION = YES;
				CLANG_WARN_INT_CONVERSION = YES;
				CLANG_WARN_NON_LITERAL_NULL_CONVERSION = YES;
				CLANG_WARN_OBJC_IMPLICIT_RETAIN_SELF = YES;
				CLANG_WARN_OBJC_LITERAL_CONVERSION = YES;
				CLANG_WARN_OBJC_ROOT_CLASS = YES_ERROR;
				CLANG_WARN_QUOTED_INCLUDE_IN_FRAMEWORK_HEADER = YES;
				CLANG_WARN_RANGE_LOOP_ANALYSIS = YES;
				CLANG_WARN_STRICT_PROTOTYPES = YES;
				CLANG_WARN_SUSPICIOUS_MOVE = YES;
				CLANG_WARN_UNGUARDED_AVAILABILITY = YES_AGGRESSIVE;
				CLANG_WARN_UNREACHABLE_CODE = YES;
				CLANG_WARN__DUPLICATE_METHOD_MATCH = YES;
				COPY_PHASE_STRIP = NO;
				DEBUG_INFORMATION_FORMAT = "dwarf-with-dsym";
				ENABLE_NS_ASSERTIONS = NO;
				ENABLE_STRICT_OBJC_MSGSEND = YES;
				GCC_C_LANGUAGE_STANDARD = gnu11;
				GCC_NO_COMMON_BLOCKS = YES;
				GCC_WARN_64_TO_32_BIT_CONVERSION = YES;
				GCC_WARN_ABOUT_RETURN_TYPE = YES_ERROR;
				GCC_WARN_UNDECLARED_SELECTOR = YES;
				GCC_WARN_UNINITIALIZED_AUTOS = YES_AGGRESSIVE;
				GCC_WARN_UNUSED_FUNCTION = YES;
				GCC_WARN_UNUSED_VARIABLE = YES;
				MACOSX_DEPLOYMENT_TARGET = 11.1;
				MTL_ENABLE_DEBUG_INFO = NO;
				MTL_FAST_MATH = YES;
				SDKROOT = macosx;
				SWIFT_COMPILATION_MODE = wholemodule;
				SWIFT_OPTIMIZATION_LEVEL = "-O";
			};
			name = Release;
		};
		6DEADF8D259D92160053E797 /* Debug */ = {
			isa = XCBuildConfiguration;
			buildSettings = {
				CODE_SIGN_ENTITLEMENTS = "BetterTweetDeck Extension/BetterTweetDeck_Extension.entitlements";
				CODE_SIGN_STYLE = Automatic;
				INFOPLIST_FILE = "BetterTweetDeck Extension/Info.plist";
				LD_RUNPATH_SEARCH_PATHS = (
					"$(inherited)",
					"@executable_path/../Frameworks",
					"@executable_path/../../../../Frameworks",
				);
				MACOSX_DEPLOYMENT_TARGET = 10.14;
				PRODUCT_BUNDLE_IDENTIFIER = me.erambert.BetterTweetDeck.Extension;
				PRODUCT_NAME = "$(TARGET_NAME)";
				SKIP_INSTALL = YES;
				SWIFT_VERSION = 5.0;
				MARKETING_VERSION = 3.9.16;
			};
			name = Debug;
		};
		6DEADF8E259D92160053E797 /* Release */ = {
			isa = XCBuildConfiguration;
			buildSettings = {
				CODE_SIGN_ENTITLEMENTS = "BetterTweetDeck Extension/BetterTweetDeck_Extension.entitlements";
				CODE_SIGN_STYLE = Automatic;
				INFOPLIST_FILE = "BetterTweetDeck Extension/Info.plist";
				LD_RUNPATH_SEARCH_PATHS = (
					"$(inherited)",
					"@executable_path/../Frameworks",
					"@executable_path/../../../../Frameworks",
				);
				MACOSX_DEPLOYMENT_TARGET = 10.14;
				PRODUCT_BUNDLE_IDENTIFIER = me.erambert.BetterTweetDeck.Extension;
				PRODUCT_NAME = "$(TARGET_NAME)";
				SKIP_INSTALL = YES;
				SWIFT_VERSION = 5.0;
				MARKETING_VERSION = 3.9.16;
			};
			name = Release;
		};
		6DEADF91259D92160053E797 /* Debug */ = {
			isa = XCBuildConfiguration;
			buildSettings = {
				ALWAYS_EMBED_SWIFT_STANDARD_LIBRARIES = YES;
				ASSETCATALOG_COMPILER_APPICON_NAME = AppIcon;
				ASSETCATALOG_COMPILER_GLOBAL_ACCENT_COLOR_NAME = AccentColor;
				CODE_SIGN_ENTITLEMENTS = BetterTweetDeck/BetterTweetDeck.entitlements;
				CODE_SIGN_STYLE = Automatic;
				COMBINE_HIDPI_IMAGES = YES;
				INFOPLIST_FILE = BetterTweetDeck/Info.plist;
				LD_RUNPATH_SEARCH_PATHS = (
					"$(inherited)",
					"@executable_path/../Frameworks",
				);
				MACOSX_DEPLOYMENT_TARGET = 10.14;
				PRODUCT_BUNDLE_IDENTIFIER = me.erambert.BetterTweetDeck;
				PRODUCT_NAME = "$(TARGET_NAME)";
				SWIFT_VERSION = 5.0;
				MARKETING_VERSION = 3.9.16;
			};
			name = Debug;
		};
		6DEADF92259D92160053E797 /* Release */ = {
			isa = XCBuildConfiguration;
			buildSettings = {
				ALWAYS_EMBED_SWIFT_STANDARD_LIBRARIES = YES;
				ASSETCATALOG_COMPILER_APPICON_NAME = AppIcon;
				ASSETCATALOG_COMPILER_GLOBAL_ACCENT_COLOR_NAME = AccentColor;
				CODE_SIGN_ENTITLEMENTS = BetterTweetDeck/BetterTweetDeck.entitlements;
				CODE_SIGN_STYLE = Automatic;
				COMBINE_HIDPI_IMAGES = YES;
				INFOPLIST_FILE = BetterTweetDeck/Info.plist;
				LD_RUNPATH_SEARCH_PATHS = (
					"$(inherited)",
					"@executable_path/../Frameworks",
				);
				MACOSX_DEPLOYMENT_TARGET = 10.14;
				PRODUCT_BUNDLE_IDENTIFIER = me.erambert.BetterTweetDeck;
				PRODUCT_NAME = "$(TARGET_NAME)";
				SWIFT_VERSION = 5.0;
				MARKETING_VERSION = 3.9.16;
			};
			name = Release;
		};
/* End XCBuildConfiguration section */

/* Begin XCConfigurationList section */
		6DEADF67259D92150053E797 /* Build configuration list for PBXProject "BetterTweetDeck" */ = {
			isa = XCConfigurationList;
			buildConfigurations = (
				6DEADF8A259D92160053E797 /* Debug */,
				6DEADF8B259D92160053E797 /* Release */,
			);
			defaultConfigurationIsVisible = 0;
			defaultConfigurationName = Release;
		};
		6DEADF8C259D92160053E797 /* Build configuration list for PBXNativeTarget "BetterTweetDeck Extension" */ = {
			isa = XCConfigurationList;
			buildConfigurations = (
				6DEADF8D259D92160053E797 /* Debug */,
				6DEADF8E259D92160053E797 /* Release */,
			);
			defaultConfigurationIsVisible = 0;
			defaultConfigurationName = Release;
		};
		6DEADF90259D92160053E797 /* Build configuration list for PBXNativeTarget "BetterTweetDeck" */ = {
			isa = XCConfigurationList;
			buildConfigurations = (
				6DEADF91259D92160053E797 /* Debug */,
				6DEADF92259D92160053E797 /* Release */,
			);
			defaultConfigurationIsVisible = 0;
			defaultConfigurationName = Release;
		};
/* End XCConfigurationList section */
	};
	rootObject = 6DEADF64259D92150053E797 /* Project object */;
}
