// !$*UTF8*$!
{
	archiveVersion = 1;
	classes = {
	};
	objectVersion = 50;
	objects = {

/* Begin PBXBuildFile section */
		6D85C75D259DC08300B9797B /* AppDelegate.swift in Sources */ = {isa = PBXBuildFile; fileRef = 6D85C75C259DC08300B9797B /* AppDelegate.swift */; };
		6D85C760259DC08300B9797B /* Main.storyboard in Resources */ = {isa = PBXBuildFile; fileRef = 6D85C75E259DC08300B9797B /* Main.storyboard */; };
		6D85C762259DC08300B9797B /* ViewController.swift in Sources */ = {isa = PBXBuildFile; fileRef = 6D85C761259DC08300B9797B /* ViewController.swift */; };
		6D85C764259DC08300B9797B /* Assets.xcassets in Resources */ = {isa = PBXBuildFile; fileRef = 6D85C763259DC08300B9797B /* Assets.xcassets */; };
		6D85C76B259DC08300B9797B /* Better TweetDeck Extension.appex in Embed App Extensions */ = {isa = PBXBuildFile; fileRef = 6D85C76A259DC08300B9797B /* Better TweetDeck Extension.appex */; settings = {ATTRIBUTES = (RemoveHeadersOnCopy, ); }; };
		6D85C770259DC08300B9797B /* Cocoa.framework in Frameworks */ = {isa = PBXBuildFile; fileRef = 6D85C76F259DC08300B9797B /* Cocoa.framework */; };
		6D85C773259DC08300B9797B /* SafariWebExtensionHandler.swift in Sources */ = {isa = PBXBuildFile; fileRef = 6D85C772259DC08300B9797B /* SafariWebExtensionHandler.swift */; };
		6D85C789259DC08400B9797B /* options in Resources */ = {isa = PBXBuildFile; fileRef = 6D85C780259DC08400B9797B /* options */; };
		6D85C78A259DC08400B9797B /* css in Resources */ = {isa = PBXBuildFile; fileRef = 6D85C781259DC08400B9797B /* css */; };
		6D85C78B259DC08400B9797B /* js in Resources */ = {isa = PBXBuildFile; fileRef = 6D85C782259DC08400B9797B /* js */; };
		6D85C78C259DC08400B9797B /* icons in Resources */ = {isa = PBXBuildFile; fileRef = 6D85C783259DC08400B9797B /* icons */; };
		6D85C78D259DC08400B9797B /* manifest.json in Resources */ = {isa = PBXBuildFile; fileRef = 6D85C784259DC08400B9797B /* manifest.json */; };
		6D85C78E259DC08400B9797B /* revert-dark-theme.css in Resources */ = {isa = PBXBuildFile; fileRef = 6D85C785259DC08400B9797B /* revert-dark-theme.css */; };
		6D85C78F259DC08400B9797B /* _locales in Resources */ = {isa = PBXBuildFile; fileRef = 6D85C786259DC08400B9797B /* _locales */; };
		6D85C790259DC08400B9797B /* emojis in Resources */ = {isa = PBXBuildFile; fileRef = 6D85C787259DC08400B9797B /* emojis */; };
		6D85C791259DC08400B9797B /* fonts in Resources */ = {isa = PBXBuildFile; fileRef = 6D85C788259DC08400B9797B /* fonts */; };
/* End PBXBuildFile section */

/* Begin PBXContainerItemProxy section */
		6D85C76C259DC08300B9797B /* PBXContainerItemProxy */ = {
			isa = PBXContainerItemProxy;
			containerPortal = 6D85C750259DC08200B9797B /* Project object */;
			proxyType = 1;
			remoteGlobalIDString = 6D85C769259DC08300B9797B;
			remoteInfo = "Better TweetDeck Extension";
		};
/* End PBXContainerItemProxy section */

/* Begin PBXCopyFilesBuildPhase section */
		6D85C77B259DC08300B9797B /* Embed App Extensions */ = {
			isa = PBXCopyFilesBuildPhase;
			buildActionMask = 2147483647;
			dstPath = "";
			dstSubfolderSpec = 13;
			files = (
				6D85C76B259DC08300B9797B /* Better TweetDeck Extension.appex in Embed App Extensions */,
			);
			name = "Embed App Extensions";
			runOnlyForDeploymentPostprocessing = 0;
		};
/* End PBXCopyFilesBuildPhase section */

/* Begin PBXFileReference section */
		6D85C758259DC08300B9797B /* Better TweetDeck.app */ = {isa = PBXFileReference; explicitFileType = wrapper.application; includeInIndex = 0; path = "Better TweetDeck.app"; sourceTree = BUILT_PRODUCTS_DIR; };
		6D85C75B259DC08300B9797B /* Better_TweetDeck.entitlements */ = {isa = PBXFileReference; lastKnownFileType = text.plist.entitlements; path = Better_TweetDeck.entitlements; sourceTree = "<group>"; };
		6D85C75C259DC08300B9797B /* AppDelegate.swift */ = {isa = PBXFileReference; lastKnownFileType = sourcecode.swift; path = AppDelegate.swift; sourceTree = "<group>"; };
		6D85C75F259DC08300B9797B /* Base */ = {isa = PBXFileReference; lastKnownFileType = file.storyboard; name = Base; path = Base.lproj/Main.storyboard; sourceTree = "<group>"; };
		6D85C761259DC08300B9797B /* ViewController.swift */ = {isa = PBXFileReference; lastKnownFileType = sourcecode.swift; path = ViewController.swift; sourceTree = "<group>"; };
		6D85C763259DC08300B9797B /* Assets.xcassets */ = {isa = PBXFileReference; lastKnownFileType = folder.assetcatalog; path = Assets.xcassets; sourceTree = "<group>"; };
		6D85C765259DC08300B9797B /* Info.plist */ = {isa = PBXFileReference; lastKnownFileType = text.plist.xml; path = Info.plist; sourceTree = "<group>"; };
		6D85C76A259DC08300B9797B /* Better TweetDeck Extension.appex */ = {isa = PBXFileReference; explicitFileType = "wrapper.app-extension"; includeInIndex = 0; path = "Better TweetDeck Extension.appex"; sourceTree = BUILT_PRODUCTS_DIR; };
		6D85C76F259DC08300B9797B /* Cocoa.framework */ = {isa = PBXFileReference; lastKnownFileType = wrapper.framework; name = Cocoa.framework; path = System/Library/Frameworks/Cocoa.framework; sourceTree = SDKROOT; };
		6D85C772259DC08300B9797B /* SafariWebExtensionHandler.swift */ = {isa = PBXFileReference; lastKnownFileType = sourcecode.swift; path = SafariWebExtensionHandler.swift; sourceTree = "<group>"; };
		6D85C774259DC08300B9797B /* Info.plist */ = {isa = PBXFileReference; lastKnownFileType = text.plist.xml; path = Info.plist; sourceTree = "<group>"; };
		6D85C775259DC08300B9797B /* Better_TweetDeck_Extension.entitlements */ = {isa = PBXFileReference; lastKnownFileType = text.plist.entitlements; path = Better_TweetDeck_Extension.entitlements; sourceTree = "<group>"; };
		6D85C780259DC08400B9797B /* options */ = {isa = PBXFileReference; lastKnownFileType = folder; name = options; path = ../../../dist/options; sourceTree = "<group>"; };
		6D85C781259DC08400B9797B /* css */ = {isa = PBXFileReference; lastKnownFileType = folder; name = css; path = ../../../dist/css; sourceTree = "<group>"; };
		6D85C782259DC08400B9797B /* js */ = {isa = PBXFileReference; lastKnownFileType = folder; name = js; path = ../../../dist/js; sourceTree = "<group>"; };
		6D85C783259DC08400B9797B /* icons */ = {isa = PBXFileReference; lastKnownFileType = folder; name = icons; path = ../../../dist/icons; sourceTree = "<group>"; };
		6D85C784259DC08400B9797B /* manifest.json */ = {isa = PBXFileReference; lastKnownFileType = text.json; name = manifest.json; path = ../../../dist/manifest.json; sourceTree = "<group>"; };
		6D85C785259DC08400B9797B /* revert-dark-theme.css */ = {isa = PBXFileReference; lastKnownFileType = text.css; name = "revert-dark-theme.css"; path = "../../../dist/revert-dark-theme.css"; sourceTree = "<group>"; };
		6D85C786259DC08400B9797B /* _locales */ = {isa = PBXFileReference; lastKnownFileType = folder; name = _locales; path = ../../../dist/_locales; sourceTree = "<group>"; };
		6D85C787259DC08400B9797B /* emojis */ = {isa = PBXFileReference; lastKnownFileType = folder; name = emojis; path = ../../../dist/emojis; sourceTree = "<group>"; };
		6D85C788259DC08400B9797B /* fonts */ = {isa = PBXFileReference; lastKnownFileType = folder; name = fonts; path = ../../../dist/fonts; sourceTree = "<group>"; };
/* End PBXFileReference section */

/* Begin PBXFrameworksBuildPhase section */
		6D85C755259DC08300B9797B /* Frameworks */ = {
			isa = PBXFrameworksBuildPhase;
			buildActionMask = 2147483647;
			files = (
			);
			runOnlyForDeploymentPostprocessing = 0;
		};
		6D85C767259DC08300B9797B /* Frameworks */ = {
			isa = PBXFrameworksBuildPhase;
			buildActionMask = 2147483647;
			files = (
				6D85C770259DC08300B9797B /* Cocoa.framework in Frameworks */,
			);
			runOnlyForDeploymentPostprocessing = 0;
		};
/* End PBXFrameworksBuildPhase section */

/* Begin PBXGroup section */
		6D85C74F259DC08200B9797B = {
			isa = PBXGroup;
			children = (
				6D85C75A259DC08300B9797B /* Better TweetDeck */,
				6D85C771259DC08300B9797B /* Better TweetDeck Extension */,
				6D85C76E259DC08300B9797B /* Frameworks */,
				6D85C759259DC08300B9797B /* Products */,
			);
			sourceTree = "<group>";
		};
		6D85C759259DC08300B9797B /* Products */ = {
			isa = PBXGroup;
			children = (
				6D85C758259DC08300B9797B /* Better TweetDeck.app */,
				6D85C76A259DC08300B9797B /* Better TweetDeck Extension.appex */,
			);
			name = Products;
			sourceTree = "<group>";
		};
		6D85C75A259DC08300B9797B /* Better TweetDeck */ = {
			isa = PBXGroup;
			children = (
				6D85C75B259DC08300B9797B /* Better_TweetDeck.entitlements */,
				6D85C75C259DC08300B9797B /* AppDelegate.swift */,
				6D85C75E259DC08300B9797B /* Main.storyboard */,
				6D85C761259DC08300B9797B /* ViewController.swift */,
				6D85C763259DC08300B9797B /* Assets.xcassets */,
				6D85C765259DC08300B9797B /* Info.plist */,
			);
			path = "Better TweetDeck";
			sourceTree = "<group>";
		};
		6D85C76E259DC08300B9797B /* Frameworks */ = {
			isa = PBXGroup;
			children = (
				6D85C76F259DC08300B9797B /* Cocoa.framework */,
			);
			name = Frameworks;
			sourceTree = "<group>";
		};
		6D85C771259DC08300B9797B /* Better TweetDeck Extension */ = {
			isa = PBXGroup;
			children = (
				6D85C77F259DC08400B9797B /* Resources */,
				6D85C772259DC08300B9797B /* SafariWebExtensionHandler.swift */,
				6D85C774259DC08300B9797B /* Info.plist */,
				6D85C775259DC08300B9797B /* Better_TweetDeck_Extension.entitlements */,
			);
			path = "Better TweetDeck Extension";
			sourceTree = "<group>";
		};
		6D85C77F259DC08400B9797B /* Resources */ = {
			isa = PBXGroup;
			children = (
				6D85C780259DC08400B9797B /* options */,
				6D85C781259DC08400B9797B /* css */,
				6D85C782259DC08400B9797B /* js */,
				6D85C783259DC08400B9797B /* icons */,
				6D85C784259DC08400B9797B /* manifest.json */,
				6D85C785259DC08400B9797B /* revert-dark-theme.css */,
				6D85C786259DC08400B9797B /* _locales */,
				6D85C787259DC08400B9797B /* emojis */,
				6D85C788259DC08400B9797B /* fonts */,
			);
			name = Resources;
			path = "Better TweetDeck Extension";
			sourceTree = SOURCE_ROOT;
		};
/* End PBXGroup section */

/* Begin PBXNativeTarget section */
		6D85C757259DC08300B9797B /* Better TweetDeck */ = {
			isa = PBXNativeTarget;
			buildConfigurationList = 6D85C77C259DC08300B9797B /* Build configuration list for PBXNativeTarget "Better TweetDeck" */;
			buildPhases = (
				6D85C754259DC08300B9797B /* Sources */,
				6D85C755259DC08300B9797B /* Frameworks */,
				6D85C756259DC08300B9797B /* Resources */,
				6D85C77B259DC08300B9797B /* Embed App Extensions */,
			);
			buildRules = (
			);
			dependencies = (
				6D85C76D259DC08300B9797B /* PBXTargetDependency */,
			);
			name = "Better TweetDeck";
			productName = "Better TweetDeck";
			productReference = 6D85C758259DC08300B9797B /* Better TweetDeck.app */;
			productType = "com.apple.product-type.application";
		};
		6D85C769259DC08300B9797B /* Better TweetDeck Extension */ = {
			isa = PBXNativeTarget;
			buildConfigurationList = 6D85C778259DC08300B9797B /* Build configuration list for PBXNativeTarget "Better TweetDeck Extension" */;
			buildPhases = (
				6D85C766259DC08300B9797B /* Sources */,
				6D85C767259DC08300B9797B /* Frameworks */,
				6D85C768259DC08300B9797B /* Resources */,
			);
			buildRules = (
			);
			dependencies = (
			);
			name = "Better TweetDeck Extension";
			productName = "Better TweetDeck Extension";
			productReference = 6D85C76A259DC08300B9797B /* Better TweetDeck Extension.appex */;
			productType = "com.apple.product-type.app-extension";
		};
/* End PBXNativeTarget section */

/* Begin PBXProject section */
		6D85C750259DC08200B9797B /* Project object */ = {
			isa = PBXProject;
			attributes = {
				LastSwiftUpdateCheck = 1230;
				LastUpgradeCheck = 1230;
				TargetAttributes = {
					6D85C757259DC08300B9797B = {
						CreatedOnToolsVersion = 12.3;
					};
					6D85C769259DC08300B9797B = {
						CreatedOnToolsVersion = 12.3;
					};
				};
			};
			buildConfigurationList = 6D85C753259DC08200B9797B /* Build configuration list for PBXProject "Better TweetDeck" */;
			compatibilityVersion = "Xcode 9.3";
			developmentRegion = en;
			hasScannedForEncodings = 0;
			knownRegions = (
				en,
				Base,
			);
			mainGroup = 6D85C74F259DC08200B9797B;
			productRefGroup = 6D85C759259DC08300B9797B /* Products */;
			projectDirPath = "";
			projectRoot = "";
			targets = (
				6D85C757259DC08300B9797B /* Better TweetDeck */,
				6D85C769259DC08300B9797B /* Better TweetDeck Extension */,
			);
		};
/* End PBXProject section */

/* Begin PBXResourcesBuildPhase section */
		6D85C756259DC08300B9797B /* Resources */ = {
			isa = PBXResourcesBuildPhase;
			buildActionMask = 2147483647;
			files = (
				6D85C764259DC08300B9797B /* Assets.xcassets in Resources */,
				6D85C760259DC08300B9797B /* Main.storyboard in Resources */,
			);
			runOnlyForDeploymentPostprocessing = 0;
		};
		6D85C768259DC08300B9797B /* Resources */ = {
			isa = PBXResourcesBuildPhase;
			buildActionMask = 2147483647;
			files = (
				6D85C78A259DC08400B9797B /* css in Resources */,
				6D85C78C259DC08400B9797B /* icons in Resources */,
				6D85C78D259DC08400B9797B /* manifest.json in Resources */,
				6D85C78E259DC08400B9797B /* revert-dark-theme.css in Resources */,
				6D85C78B259DC08400B9797B /* js in Resources */,
				6D85C790259DC08400B9797B /* emojis in Resources */,
				6D85C791259DC08400B9797B /* fonts in Resources */,
				6D85C78F259DC08400B9797B /* _locales in Resources */,
				6D85C789259DC08400B9797B /* options in Resources */,
			);
			runOnlyForDeploymentPostprocessing = 0;
		};
/* End PBXResourcesBuildPhase section */

/* Begin PBXSourcesBuildPhase section */
		6D85C754259DC08300B9797B /* Sources */ = {
			isa = PBXSourcesBuildPhase;
			buildActionMask = 2147483647;
			files = (
				6D85C762259DC08300B9797B /* ViewController.swift in Sources */,
				6D85C75D259DC08300B9797B /* AppDelegate.swift in Sources */,
			);
			runOnlyForDeploymentPostprocessing = 0;
		};
		6D85C766259DC08300B9797B /* Sources */ = {
			isa = PBXSourcesBuildPhase;
			buildActionMask = 2147483647;
			files = (
				6D85C773259DC08300B9797B /* SafariWebExtensionHandler.swift in Sources */,
			);
			runOnlyForDeploymentPostprocessing = 0;
		};
/* End PBXSourcesBuildPhase section */

/* Begin PBXTargetDependency section */
		6D85C76D259DC08300B9797B /* PBXTargetDependency */ = {
			isa = PBXTargetDependency;
			target = 6D85C769259DC08300B9797B /* Better TweetDeck Extension */;
			targetProxy = 6D85C76C259DC08300B9797B /* PBXContainerItemProxy */;
		};
/* End PBXTargetDependency section */

/* Begin PBXVariantGroup section */
		6D85C75E259DC08300B9797B /* Main.storyboard */ = {
			isa = PBXVariantGroup;
			children = (
				6D85C75F259DC08300B9797B /* Base */,
			);
			name = Main.storyboard;
			sourceTree = "<group>";
		};
/* End PBXVariantGroup section */

/* Begin XCBuildConfiguration section */
		6D85C776259DC08300B9797B /* Debug */ = {
			isa = XCBuildConfiguration;
			buildSettings = {
				ALWAYS_SEARCH_USER_PATHS = NO;
				CLANG_ANALYZER_NONNULL = YES;
				CLANG_ANALYZER_NUMBER_OBJECT_CONVERSION = YES_AGGRESSIVE;
				CLANG_CXX_LANGUAGE_STANDARD = "gnu++14";
				CLANG_CXX_LIBRARY = "libc++";
				CLANG_ENABLE_MODULES = YES;
				CLANG_ENABLE_OBJC_ARC = YES;
				CLANG_ENABLE_OBJC_WEAK = YES;
				CLANG_WARN_BLOCK_CAPTURE_AUTORELEASING = YES;
				CLANG_WARN_BOOL_CONVERSION = YES;
				CLANG_WARN_COMMA = YES;
				CLANG_WARN_CONSTANT_CONVERSION = YES;
				CLANG_WARN_DEPRECATED_OBJC_IMPLEMENTATIONS = YES;
				CLANG_WARN_DIRECT_OBJC_ISA_USAGE = YES_ERROR;
				CLANG_WARN_DOCUMENTATION_COMMENTS = YES;
				CLANG_WARN_EMPTY_BODY = YES;
				CLANG_WARN_ENUM_CONVERSION = YES;
				CLANG_WARN_INFINITE_RECURSION = YES;
				CLANG_WARN_INT_CONVERSION = YES;
				CLANG_WARN_NON_LITERAL_NULL_CONVERSION = YES;
				CLANG_WARN_OBJC_IMPLICIT_RETAIN_SELF = YES;
				CLANG_WARN_OBJC_LITERAL_CONVERSION = YES;
				CLANG_WARN_OBJC_ROOT_CLASS = YES_ERROR;
				CLANG_WARN_QUOTED_INCLUDE_IN_FRAMEWORK_HEADER = YES;
				CLANG_WARN_RANGE_LOOP_ANALYSIS = YES;
				CLANG_WARN_STRICT_PROTOTYPES = YES;
				CLANG_WARN_SUSPICIOUS_MOVE = YES;
				CLANG_WARN_UNGUARDED_AVAILABILITY = YES_AGGRESSIVE;
				CLANG_WARN_UNREACHABLE_CODE = YES;
				CLANG_WARN__DUPLICATE_METHOD_MATCH = YES;
				COPY_PHASE_STRIP = NO;
				DEBUG_INFORMATION_FORMAT = dwarf;
				ENABLE_STRICT_OBJC_MSGSEND = YES;
				ENABLE_TESTABILITY = YES;
				GCC_C_LANGUAGE_STANDARD = gnu11;
				GCC_DYNAMIC_NO_PIC = NO;
				GCC_NO_COMMON_BLOCKS = YES;
				GCC_OPTIMIZATION_LEVEL = 0;
				GCC_PREPROCESSOR_DEFINITIONS = (
					"DEBUG=1",
					"$(inherited)",
				);
				GCC_WARN_64_TO_32_BIT_CONVERSION = YES;
				GCC_WARN_ABOUT_RETURN_TYPE = YES_ERROR;
				GCC_WARN_UNDECLARED_SELECTOR = YES;
				GCC_WARN_UNINITIALIZED_AUTOS = YES_AGGRESSIVE;
				GCC_WARN_UNUSED_FUNCTION = YES;
				GCC_WARN_UNUSED_VARIABLE = YES;
				MACOSX_DEPLOYMENT_TARGET = 11.1;
				MTL_ENABLE_DEBUG_INFO = INCLUDE_SOURCE;
				MTL_FAST_MATH = YES;
				ONLY_ACTIVE_ARCH = YES;
				SDKROOT = macosx;
				SWIFT_ACTIVE_COMPILATION_CONDITIONS = DEBUG;
				SWIFT_OPTIMIZATION_LEVEL = "-Onone";
			};
			name = Debug;
		};
		6D85C777259DC08300B9797B /* Release */ = {
			isa = XCBuildConfiguration;
			buildSettings = {
				ALWAYS_SEARCH_USER_PATHS = NO;
				CLANG_ANALYZER_NONNULL = YES;
				CLANG_ANALYZER_NUMBER_OBJECT_CONVERSION = YES_AGGRESSIVE;
				CLANG_CXX_LANGUAGE_STANDARD = "gnu++14";
				CLANG_CXX_LIBRARY = "libc++";
				CLANG_ENABLE_MODULES = YES;
				CLANG_ENABLE_OBJC_ARC = YES;
				CLANG_ENABLE_OBJC_WEAK = YES;
				CLANG_WARN_BLOCK_CAPTURE_AUTORELEASING = YES;
				CLANG_WARN_BOOL_CONVERSION = YES;
				CLANG_WARN_COMMA = YES;
				CLANG_WARN_CONSTANT_CONVERSION = YES;
				CLANG_WARN_DEPRECATED_OBJC_IMPLEMENTATIONS = YES;
				CLANG_WARN_DIRECT_OBJC_ISA_USAGE = YES_ERROR;
				CLANG_WARN_DOCUMENTATION_COMMENTS = YES;
				CLANG_WARN_EMPTY_BODY = YES;
				CLANG_WARN_ENUM_CONVERSION = YES;
				CLANG_WARN_INFINITE_RECURSION = YES;
				CLANG_WARN_INT_CONVERSION = YES;
				CLANG_WARN_NON_LITERAL_NULL_CONVERSION = YES;
				CLANG_WARN_OBJC_IMPLICIT_RETAIN_SELF = YES;
				CLANG_WARN_OBJC_LITERAL_CONVERSION = YES;
				CLANG_WARN_OBJC_ROOT_CLASS = YES_ERROR;
				CLANG_WARN_QUOTED_INCLUDE_IN_FRAMEWORK_HEADER = YES;
				CLANG_WARN_RANGE_LOOP_ANALYSIS = YES;
				CLANG_WARN_STRICT_PROTOTYPES = YES;
				CLANG_WARN_SUSPICIOUS_MOVE = YES;
				CLANG_WARN_UNGUARDED_AVAILABILITY = YES_AGGRESSIVE;
				CLANG_WARN_UNREACHABLE_CODE = YES;
				CLANG_WARN__DUPLICATE_METHOD_MATCH = YES;
				COPY_PHASE_STRIP = NO;
				DEBUG_INFORMATION_FORMAT = "dwarf-with-dsym";
				ENABLE_NS_ASSERTIONS = NO;
				ENABLE_STRICT_OBJC_MSGSEND = YES;
				GCC_C_LANGUAGE_STANDARD = gnu11;
				GCC_NO_COMMON_BLOCKS = YES;
				GCC_WARN_64_TO_32_BIT_CONVERSION = YES;
				GCC_WARN_ABOUT_RETURN_TYPE = YES_ERROR;
				GCC_WARN_UNDECLARED_SELECTOR = YES;
				GCC_WARN_UNINITIALIZED_AUTOS = YES_AGGRESSIVE;
				GCC_WARN_UNUSED_FUNCTION = YES;
				GCC_WARN_UNUSED_VARIABLE = YES;
				MACOSX_DEPLOYMENT_TARGET = 11.1;
				MTL_ENABLE_DEBUG_INFO = NO;
				MTL_FAST_MATH = YES;
				SDKROOT = macosx;
				SWIFT_COMPILATION_MODE = wholemodule;
				SWIFT_OPTIMIZATION_LEVEL = "-O";
			};
			name = Release;
		};
		6D85C779259DC08300B9797B /* Debug */ = {
			isa = XCBuildConfiguration;
			buildSettings = {
				CODE_SIGN_ENTITLEMENTS = "Better TweetDeck Extension/Better_TweetDeck_Extension.entitlements";
				CODE_SIGN_IDENTITY = "Apple Development";
				CODE_SIGN_STYLE = Automatic;
				DEVELOPMENT_TEAM = 2DZ6SL2K4W;
				ENABLE_HARDENED_RUNTIME = YES;
				INFOPLIST_FILE = "Better TweetDeck Extension/Info.plist";
				LD_RUNPATH_SEARCH_PATHS = (
					"$(inherited)",
					"@executable_path/../Frameworks",
					"@executable_path/../../../../Frameworks",
				);
				MACOSX_DEPLOYMENT_TARGET = 10.14;
				MARKETING_VERSION = 3.9.16;
				PRODUCT_BUNDLE_IDENTIFIER = "me.erambert.Better-TweetDeck.Extension";
				PRODUCT_NAME = "$(TARGET_NAME)";
				SKIP_INSTALL = YES;
				SWIFT_VERSION = 5.0;
			};
			name = Debug;
		};
		6D85C77A259DC08300B9797B /* Release */ = {
			isa = XCBuildConfiguration;
			buildSettings = {
				CODE_SIGN_ENTITLEMENTS = "Better TweetDeck Extension/Better_TweetDeck_Extension.entitlements";
				CODE_SIGN_IDENTITY = "Apple Development";
				CODE_SIGN_STYLE = Automatic;
				DEVELOPMENT_TEAM = 2DZ6SL2K4W;
				ENABLE_HARDENED_RUNTIME = YES;
				INFOPLIST_FILE = "Better TweetDeck Extension/Info.plist";
				LD_RUNPATH_SEARCH_PATHS = (
					"$(inherited)",
					"@executable_path/../Frameworks",
					"@executable_path/../../../../Frameworks",
				);
				MACOSX_DEPLOYMENT_TARGET = 10.14;
				MARKETING_VERSION = 3.9.16;
				PRODUCT_BUNDLE_IDENTIFIER = "me.erambert.Better-TweetDeck.Extension";
				PRODUCT_NAME = "$(TARGET_NAME)";
				SKIP_INSTALL = YES;
				SWIFT_VERSION = 5.0;
			};
			name = Release;
		};
		6D85C77D259DC08300B9797B /* Debug */ = {
			isa = XCBuildConfiguration;
			buildSettings = {
				ALWAYS_EMBED_SWIFT_STANDARD_LIBRARIES = YES;
				ASSETCATALOG_COMPILER_APPICON_NAME = AppIcon;
				ASSETCATALOG_COMPILER_GLOBAL_ACCENT_COLOR_NAME = AccentColor;
				CODE_SIGN_ENTITLEMENTS = "Better TweetDeck/Better_TweetDeck.entitlements";
				CODE_SIGN_IDENTITY = "Apple Development";
				CODE_SIGN_STYLE = Automatic;
				COMBINE_HIDPI_IMAGES = YES;
				DEVELOPMENT_TEAM = 2DZ6SL2K4W;
				ENABLE_HARDENED_RUNTIME = YES;
				INFOPLIST_FILE = "Better TweetDeck/Info.plist";
				LD_RUNPATH_SEARCH_PATHS = (
					"$(inherited)",
					"@executable_path/../Frameworks",
				);
				MACOSX_DEPLOYMENT_TARGET = 10.14;
				MARKETING_VERSION = 3.9.16;
				PRODUCT_BUNDLE_IDENTIFIER = "me.erambert.Better-TweetDeck";
				PRODUCT_NAME = "$(TARGET_NAME)";
				SWIFT_VERSION = 5.0;
			};
			name = Debug;
		};
		6D85C77E259DC08300B9797B /* Release */ = {
			isa = XCBuildConfiguration;
			buildSettings = {
				ALWAYS_EMBED_SWIFT_STANDARD_LIBRARIES = YES;
				ASSETCATALOG_COMPILER_APPICON_NAME = AppIcon;
				ASSETCATALOG_COMPILER_GLOBAL_ACCENT_COLOR_NAME = AccentColor;
				CODE_SIGN_ENTITLEMENTS = "Better TweetDeck/Better_TweetDeck.entitlements";
				CODE_SIGN_IDENTITY = "Apple Development";
				CODE_SIGN_STYLE = Automatic;
				COMBINE_HIDPI_IMAGES = YES;
				DEVELOPMENT_TEAM = 2DZ6SL2K4W;
				ENABLE_HARDENED_RUNTIME = YES;
				INFOPLIST_FILE = "Better TweetDeck/Info.plist";
				LD_RUNPATH_SEARCH_PATHS = (
					"$(inherited)",
					"@executable_path/../Frameworks",
				);
				MACOSX_DEPLOYMENT_TARGET = 10.14;
				MARKETING_VERSION = 3.9.16;
				PRODUCT_BUNDLE_IDENTIFIER = "me.erambert.Better-TweetDeck";
				PRODUCT_NAME = "$(TARGET_NAME)";
				SWIFT_VERSION = 5.0;
			};
			name = Release;
		};
/* End XCBuildConfiguration section */

/* Begin XCConfigurationList section */
		6D85C753259DC08200B9797B /* Build configuration list for PBXProject "Better TweetDeck" */ = {
			isa = XCConfigurationList;
			buildConfigurations = (
				6D85C776259DC08300B9797B /* Debug */,
				6D85C777259DC08300B9797B /* Release */,
			);
			defaultConfigurationIsVisible = 0;
			defaultConfigurationName = Release;
		};
		6D85C778259DC08300B9797B /* Build configuration list for PBXNativeTarget "Better TweetDeck Extension" */ = {
			isa = XCConfigurationList;
			buildConfigurations = (
				6D85C779259DC08300B9797B /* Debug */,
				6D85C77A259DC08300B9797B /* Release */,
			);
			defaultConfigurationIsVisible = 0;
			defaultConfigurationName = Release;
		};
		6D85C77C259DC08300B9797B /* Build configuration list for PBXNativeTarget "Better TweetDeck" */ = {
			isa = XCConfigurationList;
			buildConfigurations = (
				6D85C77D259DC08300B9797B /* Debug */,
				6D85C77E259DC08300B9797B /* Release */,
			);
			defaultConfigurationIsVisible = 0;
			defaultConfigurationName = Release;
		};
/* End XCConfigurationList section */
	};
	rootObject = 6D85C750259DC08200B9797B /* Project object */;
}
